// !$*UTF8*$!
{
	archiveVersion = 1;
	classes = {
	};
	objectVersion = 46;
	objects = {

/* Begin PBXBuildFile section */
		E10136D114A74C1F0089CC37 /* QueryConnector.m in Sources */ = {isa = PBXBuildFile; fileRef = E10136D014A74C1F0089CC37 /* QueryConnector.m */; };
		E1083C7914A864EA003C5D97 /* QueryScanner.m in Sources */ = {isa = PBXBuildFile; fileRef = E1083C7814A864EA003C5D97 /* QueryScanner.m */; };
		E1083C7D14A874A5003C5D97 /* QueryParser.m in Sources */ = {isa = PBXBuildFile; fileRef = E1083C7C14A874A5003C5D97 /* QueryParser.m */; };
		E1083C8014A87621003C5D97 /* AdvancedQueryParser.m in Sources */ = {isa = PBXBuildFile; fileRef = E1083C7F14A87621003C5D97 /* AdvancedQueryParser.m */; };
		E1083C8314A87FC1003C5D97 /* Stack.m in Sources */ = {isa = PBXBuildFile; fileRef = E1083C8214A87FC1003C5D97 /* Stack.m */; };
		E1083C8614A8C408003C5D97 /* NSArray+NSArrayExtension.m in Sources */ = {isa = PBXBuildFile; fileRef = E1083C8514A8C407003C5D97 /* NSArray+NSArrayExtension.m */; };
		E10C27CB14A6032F0093FC60 /* QueryParameter.m in Sources */ = {isa = PBXBuildFile; fileRef = E10C27CA14A6032F0093FC60 /* QueryParameter.m */; };
		E10C27CF14A606190093FC60 /* AtomicQueryExpression.m in Sources */ = {isa = PBXBuildFile; fileRef = E10C27CE14A606190093FC60 /* AtomicQueryExpression.m */; };
		E10C27D214A6078E0093FC60 /* NestedQueryExpression.m in Sources */ = {isa = PBXBuildFile; fileRef = E10C27D114A6078E0093FC60 /* NestedQueryExpression.m */; };
		E10CB53814B4ACCE0041548E /* MockupWebQueryBackendService.m in Sources */ = {isa = PBXBuildFile; fileRef = E10CB53714B4ACCE0041548E /* MockupWebQueryBackendService.m */; };
		E10CB57914B4B6E60041548E /* libRestKit.a in Frameworks */ = {isa = PBXBuildFile; fileRef = E10CB56F14B4B6060041548E /* libRestKit.a */; };
		E10CB57B14B4B6F80041548E /* CFNetwork.framework in Frameworks */ = {isa = PBXBuildFile; fileRef = E10CB57A14B4B6F80041548E /* CFNetwork.framework */; };
		E10CB57D14B4B7020041548E /* MobileCoreServices.framework in Frameworks */ = {isa = PBXBuildFile; fileRef = E10CB57C14B4B7010041548E /* MobileCoreServices.framework */; };
		E10CB57F14B4B7160041548E /* Security.framework in Frameworks */ = {isa = PBXBuildFile; fileRef = E10CB57E14B4B7160041548E /* Security.framework */; };
		E10CB58114B4B7200041548E /* SystemConfiguration.framework in Frameworks */ = {isa = PBXBuildFile; fileRef = E10CB58014B4B7200041548E /* SystemConfiguration.framework */; };
		E10CB58314B4B72C0041548E /* libxml2.dylib in Frameworks */ = {isa = PBXBuildFile; fileRef = E10CB58214B4B72C0041548E /* libxml2.dylib */; };
		E10FC912147C16E7000F41A8 /* QueryResultCell.xib in Resources */ = {isa = PBXBuildFile; fileRef = E10FC911147C16E7000F41A8 /* QueryResultCell.xib */; };
		E10FC921147C4016000F41A8 /* DocumentServiceImpl.m in Sources */ = {isa = PBXBuildFile; fileRef = E10FC920147C4016000F41A8 /* DocumentServiceImpl.m */; };
		E10FC924147C412F000F41A8 /* MockupDocumentBackendService.m in Sources */ = {isa = PBXBuildFile; fileRef = E10FC923147C412F000F41A8 /* MockupDocumentBackendService.m */; };
		E10FC947147C4E7A000F41A8 /* NSString+NSStringExtension.m in Sources */ = {isa = PBXBuildFile; fileRef = E10FC946147C4E71000F41A8 /* NSString+NSStringExtension.m */; };
		E113C3091483FC610016D3EF /* DocumentLinkViewController.m in Sources */ = {isa = PBXBuildFile; fileRef = E113C3081483FC610016D3EF /* DocumentLinkViewController.m */; };
		E1351812148A5AD200B13A68 /* PersonalLibraryGroupAddViewController.m in Sources */ = {isa = PBXBuildFile; fileRef = E1351811148A5AD200B13A68 /* PersonalLibraryGroupAddViewController.m */; };
		E1404D15148EB2B400E4A1EE /* PersonalLibraryGroupsViewController.m in Sources */ = {isa = PBXBuildFile; fileRef = E1404D14148EB2B200E4A1EE /* PersonalLibraryGroupsViewController.m */; };
		E156BE6C148D419E0062230F /* Document.m in Sources */ = {isa = PBXBuildFile; fileRef = E156BE6B148D419E0062230F /* Document.m */; };
		E156BE6F148D419F0062230F /* Library.m in Sources */ = {isa = PBXBuildFile; fileRef = E156BE6E148D419F0062230F /* Library.m */; };
		E156BE72148D41A00062230F /* DocumentDetail.m in Sources */ = {isa = PBXBuildFile; fileRef = E156BE71148D41A00062230F /* DocumentDetail.m */; };
		E156BE78148D41A30062230F /* DLObject.m in Sources */ = {isa = PBXBuildFile; fileRef = E156BE77148D41A30062230F /* DLObject.m */; };
		E156BE7B148D42A00062230F /* DocumentLink.m in Sources */ = {isa = PBXBuildFile; fileRef = E156BE7A148D429F0062230F /* DocumentLink.m */; };
		E15D5EDC14893C7E00C78F1D /* PersonalLibraryViewController.m in Sources */ = {isa = PBXBuildFile; fileRef = E15D5EDB14893C7E00C78F1D /* PersonalLibraryViewController.m */; };
		E15D5EE214895E6E00C78F1D /* QueryResultOptionsViewController.m in Sources */ = {isa = PBXBuildFile; fileRef = E15D5EE114895E6E00C78F1D /* QueryResultOptionsViewController.m */; };
		E15D5EE51489660900C78F1D /* PersonalLibraryReferenceAddViewController.m in Sources */ = {isa = PBXBuildFile; fileRef = E15D5EE41489660900C78F1D /* PersonalLibraryReferenceAddViewController.m */; };
		E183BD61148135C200C65FAA /* DocumentDetailViewController.m in Sources */ = {isa = PBXBuildFile; fileRef = E183BD60148135C200C65FAA /* DocumentDetailViewController.m */; };
		E1AF41EC148D448700B20175 /* EntityFactory.m in Sources */ = {isa = PBXBuildFile; fileRef = E1AF41EB148D448700B20175 /* EntityFactory.m */; };
		E1C45C29147D621D002DB8EC /* query_result.xml in Resources */ = {isa = PBXBuildFile; fileRef = E1C45C28147D621D002DB8EC /* query_result.xml */; };
		E1C45C3B147D6236002DB8EC /* doc_0815.xml in Resources */ = {isa = PBXBuildFile; fileRef = E1C45C2B147D6236002DB8EC /* doc_0815.xml */; };
		E1C45C3C147D6236002DB8EC /* doc_1899.xml in Resources */ = {isa = PBXBuildFile; fileRef = E1C45C2C147D6236002DB8EC /* doc_1899.xml */; };
		E1C45C3D147D6236002DB8EC /* doc_1900.xml in Resources */ = {isa = PBXBuildFile; fileRef = E1C45C2D147D6236002DB8EC /* doc_1900.xml */; };
		E1C45C3E147D6236002DB8EC /* doc_1901.xml in Resources */ = {isa = PBXBuildFile; fileRef = E1C45C2E147D6236002DB8EC /* doc_1901.xml */; };
		E1C45C3F147D6236002DB8EC /* doc_1902.xml in Resources */ = {isa = PBXBuildFile; fileRef = E1C45C2F147D6236002DB8EC /* doc_1902.xml */; };
		E1C45C40147D6236002DB8EC /* doc_1903.xml in Resources */ = {isa = PBXBuildFile; fileRef = E1C45C30147D6236002DB8EC /* doc_1903.xml */; };
		E1C45C41147D6236002DB8EC /* doc_1904.xml in Resources */ = {isa = PBXBuildFile; fileRef = E1C45C31147D6236002DB8EC /* doc_1904.xml */; };
		E1C45C42147D6236002DB8EC /* doc_1905.xml in Resources */ = {isa = PBXBuildFile; fileRef = E1C45C32147D6236002DB8EC /* doc_1905.xml */; };
		E1C45C43147D6236002DB8EC /* doc_1906.xml in Resources */ = {isa = PBXBuildFile; fileRef = E1C45C33147D6236002DB8EC /* doc_1906.xml */; };
		E1C45C44147D6236002DB8EC /* doc_1907.xml in Resources */ = {isa = PBXBuildFile; fileRef = E1C45C34147D6236002DB8EC /* doc_1907.xml */; };
		E1C45C45147D6236002DB8EC /* doc_1908.xml in Resources */ = {isa = PBXBuildFile; fileRef = E1C45C35147D6236002DB8EC /* doc_1908.xml */; };
		E1C45C46147D6236002DB8EC /* doc_1909.xml in Resources */ = {isa = PBXBuildFile; fileRef = E1C45C36147D6236002DB8EC /* doc_1909.xml */; };
		E1C45C47147D6236002DB8EC /* doc_4711.xml in Resources */ = {isa = PBXBuildFile; fileRef = E1C45C37147D6236002DB8EC /* doc_4711.xml */; };
		E1C45C48147D6236002DB8EC /* doc_4712.xml in Resources */ = {isa = PBXBuildFile; fileRef = E1C45C38147D6236002DB8EC /* doc_4712.xml */; };
		E1C45C49147D6236002DB8EC /* doc_4811.xml in Resources */ = {isa = PBXBuildFile; fileRef = E1C45C39147D6236002DB8EC /* doc_4811.xml */; };
		E1C45C4A147D6236002DB8EC /* doc_9851.xml in Resources */ = {isa = PBXBuildFile; fileRef = E1C45C3A147D6236002DB8EC /* doc_9851.xml */; };
		E1E30DE41478DC2D005DEC6B /* QueryExecutionViewController.m in Sources */ = {isa = PBXBuildFile; fileRef = E1E30DE31478DC2D005DEC6B /* QueryExecutionViewController.m */; };
		E1E30DE71479147F005DEC6B /* QueryResultViewController.m in Sources */ = {isa = PBXBuildFile; fileRef = E1E30DE61479147F005DEC6B /* QueryResultViewController.m */; };
		E1E5FDD6147AB1CE00C4785A /* QueryResultSorting.m in Sources */ = {isa = PBXBuildFile; fileRef = E1E5FDD5147AB1CE00C4785A /* QueryResultSorting.m */; };
		E1E5FDDA147ABB6100C4785A /* QueryResultGrouping.m in Sources */ = {isa = PBXBuildFile; fileRef = E1E5FDD9147ABB6100C4785A /* QueryResultGrouping.m */; };
		E1E5FDDD147ABE5200C4785A /* QueryResultSortingViewController.m in Sources */ = {isa = PBXBuildFile; fileRef = E1E5FDDC147ABE5100C4785A /* QueryResultSortingViewController.m */; };
		E1E5FDE0147ACFCC00C4785A /* QueryResultGroupingViewController.m in Sources */ = {isa = PBXBuildFile; fileRef = E1E5FDDF147ACFCC00C4785A /* QueryResultGroupingViewController.m */; };
		E1E5FDE6147AD88500C4785A /* QueryResultRow.m in Sources */ = {isa = PBXBuildFile; fileRef = E1E5FDE5147AD88400C4785A /* QueryResultRow.m */; };
		E1E5FDE9147AE51A00C4785A /* QueryResultContent.m in Sources */ = {isa = PBXBuildFile; fileRef = E1E5FDE8147AE51A00C4785A /* QueryResultContent.m */; };
		E1EF23111477A2DD000EE7C9 /* AdvancedQueryTextFieldAccessoryView.xib in Resources */ = {isa = PBXBuildFile; fileRef = E1EF23101477A2DD000EE7C9 /* AdvancedQueryTextFieldAccessoryView.xib */; };
		E1EF23141477B10C000EE7C9 /* BasicQueryTextViewAccessoryView.xib in Resources */ = {isa = PBXBuildFile; fileRef = E1EF23131477B10C000EE7C9 /* BasicQueryTextViewAccessoryView.xib */; };
		E1EF23181477D5ED000EE7C9 /* QueryResult.m in Sources */ = {isa = PBXBuildFile; fileRef = E1EF23171477D5ED000EE7C9 /* QueryResult.m */; };
		E1EF23271477DDA2000EE7C9 /* QueryServiceImpl.m in Sources */ = {isa = PBXBuildFile; fileRef = E1EF23261477DDA2000EE7C9 /* QueryServiceImpl.m */; };
		E1EF23301477F55D000EE7C9 /* QueryResultItem.m in Sources */ = {isa = PBXBuildFile; fileRef = E1EF232F1477F55D000EE7C9 /* QueryResultItem.m */; };
		E1EF23351477FE45000EE7C9 /* MockupQueryBackendService.m in Sources */ = {isa = PBXBuildFile; fileRef = E1EF23341477FE45000EE7C9 /* MockupQueryBackendService.m */; };
		E1EFC3BA147690B600CB7490 /* UIKit.framework in Frameworks */ = {isa = PBXBuildFile; fileRef = E1EFC3B9147690B600CB7490 /* UIKit.framework */; };
		E1EFC3BC147690B600CB7490 /* Foundation.framework in Frameworks */ = {isa = PBXBuildFile; fileRef = E1EFC3BB147690B600CB7490 /* Foundation.framework */; };
		E1EFC3BE147690B600CB7490 /* CoreGraphics.framework in Frameworks */ = {isa = PBXBuildFile; fileRef = E1EFC3BD147690B600CB7490 /* CoreGraphics.framework */; };
		E1EFC3C0147690B600CB7490 /* CoreData.framework in Frameworks */ = {isa = PBXBuildFile; fileRef = E1EFC3BF147690B600CB7490 /* CoreData.framework */; };
		E1EFC3C6147690B600CB7490 /* InfoPlist.strings in Resources */ = {isa = PBXBuildFile; fileRef = E1EFC3C4147690B600CB7490 /* InfoPlist.strings */; };
		E1EFC3C8147690B600CB7490 /* main.m in Sources */ = {isa = PBXBuildFile; fileRef = E1EFC3C7147690B600CB7490 /* main.m */; };
		E1EFC3CC147690B600CB7490 /* AppDelegate.m in Sources */ = {isa = PBXBuildFile; fileRef = E1EFC3CB147690B600CB7490 /* AppDelegate.m */; };
		E1EFC3CF147690B600CB7490 /* ezDL.xcdatamodeld in Sources */ = {isa = PBXBuildFile; fileRef = E1EFC3CD147690B600CB7490 /* ezDL.xcdatamodeld */; };
		E1EFC3F21476917D00CB7490 /* CoreDataStack.m in Sources */ = {isa = PBXBuildFile; fileRef = E1EFC3F11476917D00CB7490 /* CoreDataStack.m */; };
		E1EFC3F51476966600CB7490 /* MainStoryboard.storyboard in Resources */ = {isa = PBXBuildFile; fileRef = E1EFC3F41476966600CB7490 /* MainStoryboard.storyboard */; };
		E1EFC3F9147696BB00CB7490 /* QueryController.m in Sources */ = {isa = PBXBuildFile; fileRef = E1EFC3F8147696BB00CB7490 /* QueryController.m */; };
		E1EFC40414769AD600CB7490 /* QueryViewController.m in Sources */ = {isa = PBXBuildFile; fileRef = E1EFC40314769AD600CB7490 /* QueryViewController.m */; };
		E1EFC40814769B0C00CB7490 /* AdvancedQueryViewController.m in Sources */ = {isa = PBXBuildFile; fileRef = E1EFC40614769B0C00CB7490 /* AdvancedQueryViewController.m */; };
		E1EFC40914769B0C00CB7490 /* AdvancedQueryViewController.xib in Resources */ = {isa = PBXBuildFile; fileRef = E1EFC40714769B0C00CB7490 /* AdvancedQueryViewController.xib */; };
		E1EFC40D14769B5200CB7490 /* BasicQueryViewController.m in Sources */ = {isa = PBXBuildFile; fileRef = E1EFC40B14769B5200CB7490 /* BasicQueryViewController.m */; };
		E1EFC40E14769B5200CB7490 /* BasicQueryViewController.xib in Resources */ = {isa = PBXBuildFile; fileRef = E1EFC40C14769B5200CB7490 /* BasicQueryViewController.xib */; };
		E1EFC41B1476C2EE00CB7490 /* LibraryChoiceViewController.m in Sources */ = {isa = PBXBuildFile; fileRef = E1EFC41A1476C2EE00CB7490 /* LibraryChoiceViewController.m */; };
		E1EFC4241476CD4400CB7490 /* LibraryChoice.m in Sources */ = {isa = PBXBuildFile; fileRef = E1EFC4231476CD4400CB7490 /* LibraryChoice.m */; };
		E1EFC4281476D6AC00CB7490 /* ServiceFactory.m in Sources */ = {isa = PBXBuildFile; fileRef = E1EFC4271476D6AC00CB7490 /* ServiceFactory.m */; };
		E1EFC42B1476D6FE00CB7490 /* LibraryServiceImpl.m in Sources */ = {isa = PBXBuildFile; fileRef = E1EFC42A1476D6FE00CB7490 /* LibraryServiceImpl.m */; };
		E1EFC4301476DEB700CB7490 /* Localizable.strings in Resources */ = {isa = PBXBuildFile; fileRef = E1EFC42F1476DEB700CB7490 /* Localizable.strings */; };
		E1EFC43C1476EACF00CB7490 /* MockupBackendServiceImpl.m in Sources */ = {isa = PBXBuildFile; fileRef = E1EFC43B1476EACF00CB7490 /* MockupBackendServiceImpl.m */; };
		E1EFC43F1476EB3000CB7490 /* MockupLibraryBackendService.m in Sources */ = {isa = PBXBuildFile; fileRef = E1EFC43E1476EB3000CB7490 /* MockupLibraryBackendService.m */; };
		E1EFC4421476EB9A00CB7490 /* libraries.xml in Resources */ = {isa = PBXBuildFile; fileRef = E1EFC4411476EB9A00CB7490 /* libraries.xml */; };
		E1EFC44914770C5900CB7490 /* MutableLibraryChoice.m in Sources */ = {isa = PBXBuildFile; fileRef = E1EFC44814770C5900CB7490 /* MutableLibraryChoice.m */; };
		E1EFC45414772B5100CB7490 /* ezdl_icon.png in Resources */ = {isa = PBXBuildFile; fileRef = E1EFC45314772B5100CB7490 /* ezdl_icon.png */; };
		E1EFC457147731FE00CB7490 /* UIViewController+ViewControllerExtension.m in Sources */ = {isa = PBXBuildFile; fileRef = E1EFC456147731FD00CB7490 /* UIViewController+ViewControllerExtension.m */; };
		E1F3A22614A9E66800932DA9 /* BasicQueryParser.m in Sources */ = {isa = PBXBuildFile; fileRef = E1F3A22514A9E66800932DA9 /* BasicQueryParser.m */; };
		E1F3A22C14AA20E300932DA9 /* Query.m in Sources */ = {isa = PBXBuildFile; fileRef = E1F3A22B14AA20E200932DA9 /* Query.m */; };
		E1F3A22F14AA3E1600932DA9 /* QuerySyntaxChecker.m in Sources */ = {isa = PBXBuildFile; fileRef = E1F3A22E14AA3E1500932DA9 /* QuerySyntaxChecker.m */; };
		E1F4E253148BA0440003140E /* Author.m in Sources */ = {isa = PBXBuildFile; fileRef = E1F4E252148BA0440003140E /* Author.m */; };
		E1F4E25B148BA2AB0003140E /* MockupPersonalLibraryServiceImpl.m in Sources */ = {isa = PBXBuildFile; fileRef = E1F4E25A148BA2AB0003140E /* MockupPersonalLibraryServiceImpl.m */; };
		E1F4E25E148BCCDD0003140E /* PersonalLibraryReference.m in Sources */ = {isa = PBXBuildFile; fileRef = E1F4E25D148BCCDD0003140E /* PersonalLibraryReference.m */; };
		E1F4E267148BCD8D0003140E /* PersonalLibraryGroup.m in Sources */ = {isa = PBXBuildFile; fileRef = E1F4E266148BCD8D0003140E /* PersonalLibraryGroup.m */; };
/* End PBXBuildFile section */

/* Begin PBXContainerItemProxy section */
		E10CB56E14B4B6060041548E /* PBXContainerItemProxy */ = {
			isa = PBXContainerItemProxy;
			containerPortal = E10CB56414B4B6050041548E /* RestKit.xcodeproj */;
			proxyType = 2;
			remoteGlobalIDString = 25160D1614564E810060A5C5;
			remoteInfo = RestKit;
		};
		E10CB57014B4B6060041548E /* PBXContainerItemProxy */ = {
			isa = PBXContainerItemProxy;
			containerPortal = E10CB56414B4B6050041548E /* RestKit.xcodeproj */;
			proxyType = 2;
			remoteGlobalIDString = 25160D2614564E820060A5C5;
			remoteInfo = RestKitTests;
		};
		E10CB57214B4B6060041548E /* PBXContainerItemProxy */ = {
			isa = PBXContainerItemProxy;
			containerPortal = E10CB56414B4B6050041548E /* RestKit.xcodeproj */;
			proxyType = 2;
			remoteGlobalIDString = 25160E62145651060060A5C5;
			remoteInfo = RestKitFramework;
		};
		E10CB57414B4B6060041548E /* PBXContainerItemProxy */ = {
			isa = PBXContainerItemProxy;
			containerPortal = E10CB56414B4B6050041548E /* RestKit.xcodeproj */;
			proxyType = 2;
			remoteGlobalIDString = 25160E78145651060060A5C5;
			remoteInfo = RestKitFrameworkTests;
		};
		E10CB57714B4B6C70041548E /* PBXContainerItemProxy */ = {
			isa = PBXContainerItemProxy;
			containerPortal = E10CB56414B4B6050041548E /* RestKit.xcodeproj */;
			proxyType = 1;
			remoteGlobalIDString = 25160D1514564E810060A5C5;
			remoteInfo = RestKit;
		};
/* End PBXContainerItemProxy section */

/* Begin PBXFileReference section */
		E10136CF14A74C1F0089CC37 /* QueryConnector.h */ = {isa = PBXFileReference; fileEncoding = 4; lastKnownFileType = sourcecode.c.h; path = QueryConnector.h; sourceTree = "<group>"; };
		E10136D014A74C1F0089CC37 /* QueryConnector.m */ = {isa = PBXFileReference; fileEncoding = 4; lastKnownFileType = sourcecode.c.objc; path = QueryConnector.m; sourceTree = "<group>"; };
		E1083C7714A864EA003C5D97 /* QueryScanner.h */ = {isa = PBXFileReference; fileEncoding = 4; lastKnownFileType = sourcecode.c.h; path = QueryScanner.h; sourceTree = "<group>"; };
		E1083C7814A864EA003C5D97 /* QueryScanner.m */ = {isa = PBXFileReference; fileEncoding = 4; lastKnownFileType = sourcecode.c.objc; path = QueryScanner.m; sourceTree = "<group>"; };
		E1083C7B14A874A5003C5D97 /* QueryParser.h */ = {isa = PBXFileReference; fileEncoding = 4; lastKnownFileType = sourcecode.c.h; path = QueryParser.h; sourceTree = "<group>"; };
		E1083C7C14A874A5003C5D97 /* QueryParser.m */ = {isa = PBXFileReference; fileEncoding = 4; lastKnownFileType = sourcecode.c.objc; path = QueryParser.m; sourceTree = "<group>"; };
		E1083C7E14A87621003C5D97 /* AdvancedQueryParser.h */ = {isa = PBXFileReference; fileEncoding = 4; lastKnownFileType = sourcecode.c.h; path = AdvancedQueryParser.h; sourceTree = "<group>"; };
		E1083C7F14A87621003C5D97 /* AdvancedQueryParser.m */ = {isa = PBXFileReference; fileEncoding = 4; lastKnownFileType = sourcecode.c.objc; path = AdvancedQueryParser.m; sourceTree = "<group>"; };
		E1083C8114A87FC1003C5D97 /* Stack.h */ = {isa = PBXFileReference; fileEncoding = 4; lastKnownFileType = sourcecode.c.h; path = Stack.h; sourceTree = "<group>"; };
		E1083C8214A87FC1003C5D97 /* Stack.m */ = {isa = PBXFileReference; fileEncoding = 4; lastKnownFileType = sourcecode.c.objc; path = Stack.m; sourceTree = "<group>"; };
		E1083C8414A8C407003C5D97 /* NSArray+NSArrayExtension.h */ = {isa = PBXFileReference; fileEncoding = 4; lastKnownFileType = sourcecode.c.h; path = "NSArray+NSArrayExtension.h"; sourceTree = "<group>"; };
		E1083C8514A8C407003C5D97 /* NSArray+NSArrayExtension.m */ = {isa = PBXFileReference; fileEncoding = 4; lastKnownFileType = sourcecode.c.objc; path = "NSArray+NSArrayExtension.m"; sourceTree = "<group>"; };
		E10C27C714A602F70093FC60 /* QueryPart.h */ = {isa = PBXFileReference; fileEncoding = 4; lastKnownFileType = sourcecode.c.h; path = QueryPart.h; sourceTree = "<group>"; };
		E10C27C914A6032F0093FC60 /* QueryParameter.h */ = {isa = PBXFileReference; fileEncoding = 4; lastKnownFileType = sourcecode.c.h; path = QueryParameter.h; sourceTree = "<group>"; };
		E10C27CA14A6032F0093FC60 /* QueryParameter.m */ = {isa = PBXFileReference; fileEncoding = 4; lastKnownFileType = sourcecode.c.objc; path = QueryParameter.m; sourceTree = "<group>"; };
		E10C27CC14A604140093FC60 /* QueryExpression.h */ = {isa = PBXFileReference; fileEncoding = 4; lastKnownFileType = sourcecode.c.h; path = QueryExpression.h; sourceTree = "<group>"; };
		E10C27CD14A606190093FC60 /* AtomicQueryExpression.h */ = {isa = PBXFileReference; fileEncoding = 4; lastKnownFileType = sourcecode.c.h; path = AtomicQueryExpression.h; sourceTree = "<group>"; };
		E10C27CE14A606190093FC60 /* AtomicQueryExpression.m */ = {isa = PBXFileReference; fileEncoding = 4; lastKnownFileType = sourcecode.c.objc; path = AtomicQueryExpression.m; sourceTree = "<group>"; };
		E10C27D014A6078E0093FC60 /* NestedQueryExpression.h */ = {isa = PBXFileReference; fileEncoding = 4; lastKnownFileType = sourcecode.c.h; path = NestedQueryExpression.h; sourceTree = "<group>"; };
		E10C27D114A6078E0093FC60 /* NestedQueryExpression.m */ = {isa = PBXFileReference; fileEncoding = 4; lastKnownFileType = sourcecode.c.objc; path = NestedQueryExpression.m; sourceTree = "<group>"; };
		E10CB53614B4ACCE0041548E /* MockupWebQueryBackendService.h */ = {isa = PBXFileReference; fileEncoding = 4; lastKnownFileType = sourcecode.c.h; path = MockupWebQueryBackendService.h; sourceTree = "<group>"; };
		E10CB53714B4ACCE0041548E /* MockupWebQueryBackendService.m */ = {isa = PBXFileReference; fileEncoding = 4; lastKnownFileType = sourcecode.c.objc; path = MockupWebQueryBackendService.m; sourceTree = "<group>"; };
		E10CB56414B4B6050041548E /* RestKit.xcodeproj */ = {isa = PBXFileReference; lastKnownFileType = "wrapper.pb-project"; name = RestKit.xcodeproj; path = RestKit/RestKit.xcodeproj; sourceTree = "<group>"; };
		E10CB57A14B4B6F80041548E /* CFNetwork.framework */ = {isa = PBXFileReference; lastKnownFileType = wrapper.framework; name = CFNetwork.framework; path = System/Library/Frameworks/CFNetwork.framework; sourceTree = SDKROOT; };
		E10CB57C14B4B7010041548E /* MobileCoreServices.framework */ = {isa = PBXFileReference; lastKnownFileType = wrapper.framework; name = MobileCoreServices.framework; path = System/Library/Frameworks/MobileCoreServices.framework; sourceTree = SDKROOT; };
		E10CB57E14B4B7160041548E /* Security.framework */ = {isa = PBXFileReference; lastKnownFileType = wrapper.framework; name = Security.framework; path = System/Library/Frameworks/Security.framework; sourceTree = SDKROOT; };
		E10CB58014B4B7200041548E /* SystemConfiguration.framework */ = {isa = PBXFileReference; lastKnownFileType = wrapper.framework; name = SystemConfiguration.framework; path = System/Library/Frameworks/SystemConfiguration.framework; sourceTree = SDKROOT; };
		E10CB58214B4B72C0041548E /* libxml2.dylib */ = {isa = PBXFileReference; lastKnownFileType = "compiled.mach-o.dylib"; name = libxml2.dylib; path = usr/lib/libxml2.dylib; sourceTree = SDKROOT; };
		E10FC911147C16E7000F41A8 /* QueryResultCell.xib */ = {isa = PBXFileReference; fileEncoding = 4; lastKnownFileType = file.xib; path = QueryResultCell.xib; sourceTree = "<group>"; };
		E10FC91E147C3FBF000F41A8 /* DocumentService.h */ = {isa = PBXFileReference; fileEncoding = 4; lastKnownFileType = sourcecode.c.h; path = DocumentService.h; sourceTree = "<group>"; };
		E10FC91F147C4016000F41A8 /* DocumentServiceImpl.h */ = {isa = PBXFileReference; fileEncoding = 4; lastKnownFileType = sourcecode.c.h; path = DocumentServiceImpl.h; sourceTree = "<group>"; };
		E10FC920147C4016000F41A8 /* DocumentServiceImpl.m */ = {isa = PBXFileReference; fileEncoding = 4; lastKnownFileType = sourcecode.c.objc; path = DocumentServiceImpl.m; sourceTree = "<group>"; };
		E10FC922147C412F000F41A8 /* MockupDocumentBackendService.h */ = {isa = PBXFileReference; fileEncoding = 4; lastKnownFileType = sourcecode.c.h; path = MockupDocumentBackendService.h; sourceTree = "<group>"; };
		E10FC923147C412F000F41A8 /* MockupDocumentBackendService.m */ = {isa = PBXFileReference; fileEncoding = 4; lastKnownFileType = sourcecode.c.objc; path = MockupDocumentBackendService.m; sourceTree = "<group>"; };
		E10FC945147C4E6B000F41A8 /* NSString+NSStringExtension.h */ = {isa = PBXFileReference; fileEncoding = 4; lastKnownFileType = sourcecode.c.h; path = "NSString+NSStringExtension.h"; sourceTree = "<group>"; };
		E10FC946147C4E71000F41A8 /* NSString+NSStringExtension.m */ = {isa = PBXFileReference; fileEncoding = 4; lastKnownFileType = sourcecode.c.objc; path = "NSString+NSStringExtension.m"; sourceTree = "<group>"; };
		E113C3071483FC610016D3EF /* DocumentLinkViewController.h */ = {isa = PBXFileReference; fileEncoding = 4; lastKnownFileType = sourcecode.c.h; path = DocumentLinkViewController.h; sourceTree = "<group>"; };
		E113C3081483FC610016D3EF /* DocumentLinkViewController.m */ = {isa = PBXFileReference; fileEncoding = 4; lastKnownFileType = sourcecode.c.objc; path = DocumentLinkViewController.m; sourceTree = "<group>"; };
		E1351810148A5AD200B13A68 /* PersonalLibraryGroupAddViewController.h */ = {isa = PBXFileReference; fileEncoding = 4; lastKnownFileType = sourcecode.c.h; path = PersonalLibraryGroupAddViewController.h; sourceTree = "<group>"; };
		E1351811148A5AD200B13A68 /* PersonalLibraryGroupAddViewController.m */ = {isa = PBXFileReference; fileEncoding = 4; lastKnownFileType = sourcecode.c.objc; path = PersonalLibraryGroupAddViewController.m; sourceTree = "<group>"; };
		E1404D13148EB2B000E4A1EE /* PersonalLibraryGroupsViewController.h */ = {isa = PBXFileReference; fileEncoding = 4; lastKnownFileType = sourcecode.c.h; path = PersonalLibraryGroupsViewController.h; sourceTree = "<group>"; };
		E1404D14148EB2B200E4A1EE /* PersonalLibraryGroupsViewController.m */ = {isa = PBXFileReference; fileEncoding = 4; lastKnownFileType = sourcecode.c.objc; path = PersonalLibraryGroupsViewController.m; sourceTree = "<group>"; };
		E156BE6A148D419E0062230F /* Document.h */ = {isa = PBXFileReference; fileEncoding = 4; lastKnownFileType = sourcecode.c.h; path = Document.h; sourceTree = "<group>"; };
		E156BE6B148D419E0062230F /* Document.m */ = {isa = PBXFileReference; fileEncoding = 4; lastKnownFileType = sourcecode.c.objc; path = Document.m; sourceTree = "<group>"; };
		E156BE6D148D419F0062230F /* Library.h */ = {isa = PBXFileReference; fileEncoding = 4; lastKnownFileType = sourcecode.c.h; path = Library.h; sourceTree = "<group>"; };
		E156BE6E148D419F0062230F /* Library.m */ = {isa = PBXFileReference; fileEncoding = 4; lastKnownFileType = sourcecode.c.objc; path = Library.m; sourceTree = "<group>"; };
		E156BE70148D41A00062230F /* DocumentDetail.h */ = {isa = PBXFileReference; fileEncoding = 4; lastKnownFileType = sourcecode.c.h; path = DocumentDetail.h; sourceTree = "<group>"; };
		E156BE71148D41A00062230F /* DocumentDetail.m */ = {isa = PBXFileReference; fileEncoding = 4; lastKnownFileType = sourcecode.c.objc; path = DocumentDetail.m; sourceTree = "<group>"; };
		E156BE76148D41A20062230F /* DLObject.h */ = {isa = PBXFileReference; fileEncoding = 4; lastKnownFileType = sourcecode.c.h; path = DLObject.h; sourceTree = "<group>"; };
		E156BE77148D41A30062230F /* DLObject.m */ = {isa = PBXFileReference; fileEncoding = 4; lastKnownFileType = sourcecode.c.objc; path = DLObject.m; sourceTree = "<group>"; };
		E156BE79148D429F0062230F /* DocumentLink.h */ = {isa = PBXFileReference; fileEncoding = 4; lastKnownFileType = sourcecode.c.h; path = DocumentLink.h; sourceTree = "<group>"; };
		E156BE7A148D429F0062230F /* DocumentLink.m */ = {isa = PBXFileReference; fileEncoding = 4; lastKnownFileType = sourcecode.c.objc; path = DocumentLink.m; sourceTree = "<group>"; };
		E15D5EDA14893C7E00C78F1D /* PersonalLibraryViewController.h */ = {isa = PBXFileReference; fileEncoding = 4; lastKnownFileType = sourcecode.c.h; path = PersonalLibraryViewController.h; sourceTree = "<group>"; };
		E15D5EDB14893C7E00C78F1D /* PersonalLibraryViewController.m */ = {isa = PBXFileReference; fileEncoding = 4; lastKnownFileType = sourcecode.c.objc; path = PersonalLibraryViewController.m; sourceTree = "<group>"; };
		E15D5EE014895E6E00C78F1D /* QueryResultOptionsViewController.h */ = {isa = PBXFileReference; fileEncoding = 4; lastKnownFileType = sourcecode.c.h; path = QueryResultOptionsViewController.h; sourceTree = "<group>"; };
		E15D5EE114895E6E00C78F1D /* QueryResultOptionsViewController.m */ = {isa = PBXFileReference; fileEncoding = 4; lastKnownFileType = sourcecode.c.objc; path = QueryResultOptionsViewController.m; sourceTree = "<group>"; };
		E15D5EE31489660900C78F1D /* PersonalLibraryReferenceAddViewController.h */ = {isa = PBXFileReference; fileEncoding = 4; lastKnownFileType = sourcecode.c.h; path = PersonalLibraryReferenceAddViewController.h; sourceTree = "<group>"; };
		E15D5EE41489660900C78F1D /* PersonalLibraryReferenceAddViewController.m */ = {isa = PBXFileReference; fileEncoding = 4; lastKnownFileType = sourcecode.c.objc; path = PersonalLibraryReferenceAddViewController.m; sourceTree = "<group>"; };
		E183BD5F148135C200C65FAA /* DocumentDetailViewController.h */ = {isa = PBXFileReference; fileEncoding = 4; lastKnownFileType = sourcecode.c.h; path = DocumentDetailViewController.h; sourceTree = "<group>"; };
		E183BD60148135C200C65FAA /* DocumentDetailViewController.m */ = {isa = PBXFileReference; fileEncoding = 4; lastKnownFileType = sourcecode.c.objc; path = DocumentDetailViewController.m; sourceTree = "<group>"; };
		E1AF41EA148D448700B20175 /* EntityFactory.h */ = {isa = PBXFileReference; fileEncoding = 4; lastKnownFileType = sourcecode.c.h; path = EntityFactory.h; sourceTree = "<group>"; };
		E1AF41EB148D448700B20175 /* EntityFactory.m */ = {isa = PBXFileReference; fileEncoding = 4; lastKnownFileType = sourcecode.c.objc; path = EntityFactory.m; sourceTree = "<group>"; };
		E1AF41ED148D4BEB00B20175 /* Entities.h */ = {isa = PBXFileReference; fileEncoding = 4; lastKnownFileType = sourcecode.c.h; path = Entities.h; sourceTree = "<group>"; };
		E1C45C28147D621D002DB8EC /* query_result.xml */ = {isa = PBXFileReference; fileEncoding = 4; lastKnownFileType = text.xml; path = query_result.xml; sourceTree = "<group>"; };
		E1C45C2B147D6236002DB8EC /* doc_0815.xml */ = {isa = PBXFileReference; fileEncoding = 4; lastKnownFileType = text.xml; path = doc_0815.xml; sourceTree = "<group>"; };
		E1C45C2C147D6236002DB8EC /* doc_1899.xml */ = {isa = PBXFileReference; fileEncoding = 4; lastKnownFileType = text.xml; path = doc_1899.xml; sourceTree = "<group>"; };
		E1C45C2D147D6236002DB8EC /* doc_1900.xml */ = {isa = PBXFileReference; fileEncoding = 4; lastKnownFileType = text.xml; path = doc_1900.xml; sourceTree = "<group>"; };
		E1C45C2E147D6236002DB8EC /* doc_1901.xml */ = {isa = PBXFileReference; fileEncoding = 4; lastKnownFileType = text.xml; path = doc_1901.xml; sourceTree = "<group>"; };
		E1C45C2F147D6236002DB8EC /* doc_1902.xml */ = {isa = PBXFileReference; fileEncoding = 4; lastKnownFileType = text.xml; path = doc_1902.xml; sourceTree = "<group>"; };
		E1C45C30147D6236002DB8EC /* doc_1903.xml */ = {isa = PBXFileReference; fileEncoding = 4; lastKnownFileType = text.xml; path = doc_1903.xml; sourceTree = "<group>"; };
		E1C45C31147D6236002DB8EC /* doc_1904.xml */ = {isa = PBXFileReference; fileEncoding = 4; lastKnownFileType = text.xml; path = doc_1904.xml; sourceTree = "<group>"; };
		E1C45C32147D6236002DB8EC /* doc_1905.xml */ = {isa = PBXFileReference; fileEncoding = 4; lastKnownFileType = text.xml; path = doc_1905.xml; sourceTree = "<group>"; };
		E1C45C33147D6236002DB8EC /* doc_1906.xml */ = {isa = PBXFileReference; fileEncoding = 4; lastKnownFileType = text.xml; path = doc_1906.xml; sourceTree = "<group>"; };
		E1C45C34147D6236002DB8EC /* doc_1907.xml */ = {isa = PBXFileReference; fileEncoding = 4; lastKnownFileType = text.xml; path = doc_1907.xml; sourceTree = "<group>"; };
		E1C45C35147D6236002DB8EC /* doc_1908.xml */ = {isa = PBXFileReference; fileEncoding = 4; lastKnownFileType = text.xml; path = doc_1908.xml; sourceTree = "<group>"; };
		E1C45C36147D6236002DB8EC /* doc_1909.xml */ = {isa = PBXFileReference; fileEncoding = 4; lastKnownFileType = text.xml; path = doc_1909.xml; sourceTree = "<group>"; };
		E1C45C37147D6236002DB8EC /* doc_4711.xml */ = {isa = PBXFileReference; fileEncoding = 4; lastKnownFileType = text.xml; path = doc_4711.xml; sourceTree = "<group>"; };
		E1C45C38147D6236002DB8EC /* doc_4712.xml */ = {isa = PBXFileReference; fileEncoding = 4; lastKnownFileType = text.xml; path = doc_4712.xml; sourceTree = "<group>"; };
		E1C45C39147D6236002DB8EC /* doc_4811.xml */ = {isa = PBXFileReference; fileEncoding = 4; lastKnownFileType = text.xml; path = doc_4811.xml; sourceTree = "<group>"; };
		E1C45C3A147D6236002DB8EC /* doc_9851.xml */ = {isa = PBXFileReference; fileEncoding = 4; lastKnownFileType = text.xml; path = doc_9851.xml; sourceTree = "<group>"; };
		E1E30DE21478DC2D005DEC6B /* QueryExecutionViewController.h */ = {isa = PBXFileReference; fileEncoding = 4; lastKnownFileType = sourcecode.c.h; path = QueryExecutionViewController.h; sourceTree = "<group>"; };
		E1E30DE31478DC2D005DEC6B /* QueryExecutionViewController.m */ = {isa = PBXFileReference; fileEncoding = 4; lastKnownFileType = sourcecode.c.objc; path = QueryExecutionViewController.m; sourceTree = "<group>"; };
		E1E30DE51479147F005DEC6B /* QueryResultViewController.h */ = {isa = PBXFileReference; fileEncoding = 4; lastKnownFileType = sourcecode.c.h; path = QueryResultViewController.h; sourceTree = "<group>"; };
		E1E30DE61479147F005DEC6B /* QueryResultViewController.m */ = {isa = PBXFileReference; fileEncoding = 4; lastKnownFileType = sourcecode.c.objc; path = QueryResultViewController.m; sourceTree = "<group>"; };
		E1E5FDD2147AB0B700C4785A /* QueryResultOption.h */ = {isa = PBXFileReference; fileEncoding = 4; lastKnownFileType = sourcecode.c.h; path = QueryResultOption.h; sourceTree = "<group>"; };
		E1E5FDD4147AB1CE00C4785A /* QueryResultSorting.h */ = {isa = PBXFileReference; fileEncoding = 4; lastKnownFileType = sourcecode.c.h; path = QueryResultSorting.h; sourceTree = "<group>"; };
		E1E5FDD5147AB1CE00C4785A /* QueryResultSorting.m */ = {isa = PBXFileReference; fileEncoding = 4; lastKnownFileType = sourcecode.c.objc; path = QueryResultSorting.m; sourceTree = "<group>"; };
		E1E5FDD8147ABB6100C4785A /* QueryResultGrouping.h */ = {isa = PBXFileReference; fileEncoding = 4; lastKnownFileType = sourcecode.c.h; path = QueryResultGrouping.h; sourceTree = "<group>"; };
		E1E5FDD9147ABB6100C4785A /* QueryResultGrouping.m */ = {isa = PBXFileReference; fileEncoding = 4; lastKnownFileType = sourcecode.c.objc; path = QueryResultGrouping.m; sourceTree = "<group>"; };
		E1E5FDDB147ABE5100C4785A /* QueryResultSortingViewController.h */ = {isa = PBXFileReference; fileEncoding = 4; lastKnownFileType = sourcecode.c.h; path = QueryResultSortingViewController.h; sourceTree = "<group>"; };
		E1E5FDDC147ABE5100C4785A /* QueryResultSortingViewController.m */ = {isa = PBXFileReference; fileEncoding = 4; lastKnownFileType = sourcecode.c.objc; path = QueryResultSortingViewController.m; sourceTree = "<group>"; };
		E1E5FDDE147ACFCC00C4785A /* QueryResultGroupingViewController.h */ = {isa = PBXFileReference; fileEncoding = 4; lastKnownFileType = sourcecode.c.h; path = QueryResultGroupingViewController.h; sourceTree = "<group>"; };
		E1E5FDDF147ACFCC00C4785A /* QueryResultGroupingViewController.m */ = {isa = PBXFileReference; fileEncoding = 4; lastKnownFileType = sourcecode.c.objc; path = QueryResultGroupingViewController.m; sourceTree = "<group>"; };
		E1E5FDE4147AD88400C4785A /* QueryResultRow.h */ = {isa = PBXFileReference; fileEncoding = 4; lastKnownFileType = sourcecode.c.h; path = QueryResultRow.h; sourceTree = "<group>"; };
		E1E5FDE5147AD88400C4785A /* QueryResultRow.m */ = {isa = PBXFileReference; fileEncoding = 4; lastKnownFileType = sourcecode.c.objc; path = QueryResultRow.m; sourceTree = "<group>"; };
		E1E5FDE7147AE51900C4785A /* QueryResultContent.h */ = {isa = PBXFileReference; fileEncoding = 4; lastKnownFileType = sourcecode.c.h; path = QueryResultContent.h; sourceTree = "<group>"; };
		E1E5FDE8147AE51A00C4785A /* QueryResultContent.m */ = {isa = PBXFileReference; fileEncoding = 4; lastKnownFileType = sourcecode.c.objc; path = QueryResultContent.m; sourceTree = "<group>"; };
		E1EF23101477A2DD000EE7C9 /* AdvancedQueryTextFieldAccessoryView.xib */ = {isa = PBXFileReference; fileEncoding = 4; lastKnownFileType = file.xib; path = AdvancedQueryTextFieldAccessoryView.xib; sourceTree = "<group>"; };
		E1EF23131477B10C000EE7C9 /* BasicQueryTextViewAccessoryView.xib */ = {isa = PBXFileReference; fileEncoding = 4; lastKnownFileType = file.xib; path = BasicQueryTextViewAccessoryView.xib; sourceTree = "<group>"; };
		E1EF23161477D5ED000EE7C9 /* QueryResult.h */ = {isa = PBXFileReference; fileEncoding = 4; lastKnownFileType = sourcecode.c.h; path = QueryResult.h; sourceTree = "<group>"; };
		E1EF23171477D5ED000EE7C9 /* QueryResult.m */ = {isa = PBXFileReference; fileEncoding = 4; lastKnownFileType = sourcecode.c.objc; path = QueryResult.m; sourceTree = "<group>"; };
		E1EF23241477DCE3000EE7C9 /* QueryService.h */ = {isa = PBXFileReference; fileEncoding = 4; lastKnownFileType = sourcecode.c.h; path = QueryService.h; sourceTree = "<group>"; };
		E1EF23251477DDA2000EE7C9 /* QueryServiceImpl.h */ = {isa = PBXFileReference; fileEncoding = 4; lastKnownFileType = sourcecode.c.h; path = QueryServiceImpl.h; sourceTree = "<group>"; };
		E1EF23261477DDA2000EE7C9 /* QueryServiceImpl.m */ = {isa = PBXFileReference; fileEncoding = 4; lastKnownFileType = sourcecode.c.objc; path = QueryServiceImpl.m; sourceTree = "<group>"; };
		E1EF232E1477F55C000EE7C9 /* QueryResultItem.h */ = {isa = PBXFileReference; fileEncoding = 4; lastKnownFileType = sourcecode.c.h; path = QueryResultItem.h; sourceTree = "<group>"; };
		E1EF232F1477F55D000EE7C9 /* QueryResultItem.m */ = {isa = PBXFileReference; fileEncoding = 4; lastKnownFileType = sourcecode.c.objc; path = QueryResultItem.m; sourceTree = "<group>"; };
		E1EF23331477FE44000EE7C9 /* MockupQueryBackendService.h */ = {isa = PBXFileReference; fileEncoding = 4; lastKnownFileType = sourcecode.c.h; path = MockupQueryBackendService.h; sourceTree = "<group>"; };
		E1EF23341477FE45000EE7C9 /* MockupQueryBackendService.m */ = {isa = PBXFileReference; fileEncoding = 4; lastKnownFileType = sourcecode.c.objc; path = MockupQueryBackendService.m; sourceTree = "<group>"; };
		E1EFC3B5147690B600CB7490 /* ezDL.app */ = {isa = PBXFileReference; explicitFileType = wrapper.application; includeInIndex = 0; path = ezDL.app; sourceTree = BUILT_PRODUCTS_DIR; };
		E1EFC3B9147690B600CB7490 /* UIKit.framework */ = {isa = PBXFileReference; lastKnownFileType = wrapper.framework; name = UIKit.framework; path = System/Library/Frameworks/UIKit.framework; sourceTree = SDKROOT; };
		E1EFC3BB147690B600CB7490 /* Foundation.framework */ = {isa = PBXFileReference; lastKnownFileType = wrapper.framework; name = Foundation.framework; path = System/Library/Frameworks/Foundation.framework; sourceTree = SDKROOT; };
		E1EFC3BD147690B600CB7490 /* CoreGraphics.framework */ = {isa = PBXFileReference; lastKnownFileType = wrapper.framework; name = CoreGraphics.framework; path = System/Library/Frameworks/CoreGraphics.framework; sourceTree = SDKROOT; };
		E1EFC3BF147690B600CB7490 /* CoreData.framework */ = {isa = PBXFileReference; lastKnownFileType = wrapper.framework; name = CoreData.framework; path = System/Library/Frameworks/CoreData.framework; sourceTree = SDKROOT; };
		E1EFC3C3147690B600CB7490 /* ezDL-Info.plist */ = {isa = PBXFileReference; lastKnownFileType = text.plist.xml; path = "ezDL-Info.plist"; sourceTree = "<group>"; };
		E1EFC3C5147690B600CB7490 /* en */ = {isa = PBXFileReference; lastKnownFileType = text.plist.strings; name = en; path = en.lproj/InfoPlist.strings; sourceTree = "<group>"; };
		E1EFC3C7147690B600CB7490 /* main.m */ = {isa = PBXFileReference; lastKnownFileType = sourcecode.c.objc; path = main.m; sourceTree = "<group>"; };
		E1EFC3C9147690B600CB7490 /* ezDL-Prefix.pch */ = {isa = PBXFileReference; lastKnownFileType = sourcecode.c.h; path = "ezDL-Prefix.pch"; sourceTree = "<group>"; };
		E1EFC3CA147690B600CB7490 /* AppDelegate.h */ = {isa = PBXFileReference; lastKnownFileType = sourcecode.c.h; path = AppDelegate.h; sourceTree = "<group>"; };
		E1EFC3CB147690B600CB7490 /* AppDelegate.m */ = {isa = PBXFileReference; lastKnownFileType = sourcecode.c.objc; path = AppDelegate.m; sourceTree = "<group>"; };
		E1EFC3CE147690B600CB7490 /* ezDL.xcdatamodel */ = {isa = PBXFileReference; lastKnownFileType = wrapper.xcdatamodel; path = ezDL.xcdatamodel; sourceTree = "<group>"; };
		E1EFC3F01476917D00CB7490 /* CoreDataStack.h */ = {isa = PBXFileReference; fileEncoding = 4; lastKnownFileType = sourcecode.c.h; path = CoreDataStack.h; sourceTree = "<group>"; };
		E1EFC3F11476917D00CB7490 /* CoreDataStack.m */ = {isa = PBXFileReference; fileEncoding = 4; lastKnownFileType = sourcecode.c.objc; path = CoreDataStack.m; sourceTree = "<group>"; };
		E1EFC3F41476966600CB7490 /* MainStoryboard.storyboard */ = {isa = PBXFileReference; fileEncoding = 4; lastKnownFileType = file.storyboard; path = MainStoryboard.storyboard; sourceTree = "<group>"; };
		E1EFC3F7147696BB00CB7490 /* QueryController.h */ = {isa = PBXFileReference; fileEncoding = 4; lastKnownFileType = sourcecode.c.h; path = QueryController.h; sourceTree = "<group>"; };
		E1EFC3F8147696BB00CB7490 /* QueryController.m */ = {isa = PBXFileReference; fileEncoding = 4; lastKnownFileType = sourcecode.c.objc; path = QueryController.m; sourceTree = "<group>"; };
		E1EFC40214769AD600CB7490 /* QueryViewController.h */ = {isa = PBXFileReference; fileEncoding = 4; lastKnownFileType = sourcecode.c.h; path = QueryViewController.h; sourceTree = "<group>"; };
		E1EFC40314769AD600CB7490 /* QueryViewController.m */ = {isa = PBXFileReference; fileEncoding = 4; lastKnownFileType = sourcecode.c.objc; path = QueryViewController.m; sourceTree = "<group>"; };
		E1EFC40514769B0C00CB7490 /* AdvancedQueryViewController.h */ = {isa = PBXFileReference; fileEncoding = 4; lastKnownFileType = sourcecode.c.h; path = AdvancedQueryViewController.h; sourceTree = "<group>"; };
		E1EFC40614769B0C00CB7490 /* AdvancedQueryViewController.m */ = {isa = PBXFileReference; fileEncoding = 4; lastKnownFileType = sourcecode.c.objc; path = AdvancedQueryViewController.m; sourceTree = "<group>"; };
		E1EFC40714769B0C00CB7490 /* AdvancedQueryViewController.xib */ = {isa = PBXFileReference; fileEncoding = 4; lastKnownFileType = file.xib; path = AdvancedQueryViewController.xib; sourceTree = "<group>"; };
		E1EFC40A14769B5100CB7490 /* BasicQueryViewController.h */ = {isa = PBXFileReference; fileEncoding = 4; lastKnownFileType = sourcecode.c.h; path = BasicQueryViewController.h; sourceTree = "<group>"; };
		E1EFC40B14769B5200CB7490 /* BasicQueryViewController.m */ = {isa = PBXFileReference; fileEncoding = 4; lastKnownFileType = sourcecode.c.objc; path = BasicQueryViewController.m; sourceTree = "<group>"; };
		E1EFC40C14769B5200CB7490 /* BasicQueryViewController.xib */ = {isa = PBXFileReference; fileEncoding = 4; lastKnownFileType = file.xib; path = BasicQueryViewController.xib; sourceTree = "<group>"; };
		E1EFC4191476C2EE00CB7490 /* LibraryChoiceViewController.h */ = {isa = PBXFileReference; fileEncoding = 4; lastKnownFileType = sourcecode.c.h; path = LibraryChoiceViewController.h; sourceTree = "<group>"; };
		E1EFC41A1476C2EE00CB7490 /* LibraryChoiceViewController.m */ = {isa = PBXFileReference; fileEncoding = 4; lastKnownFileType = sourcecode.c.objc; path = LibraryChoiceViewController.m; sourceTree = "<group>"; };
		E1EFC4221476CD4400CB7490 /* LibraryChoice.h */ = {isa = PBXFileReference; fileEncoding = 4; lastKnownFileType = sourcecode.c.h; path = LibraryChoice.h; sourceTree = "<group>"; };
		E1EFC4231476CD4400CB7490 /* LibraryChoice.m */ = {isa = PBXFileReference; fileEncoding = 4; lastKnownFileType = sourcecode.c.objc; path = LibraryChoice.m; sourceTree = "<group>"; };
		E1EFC4251476D62400CB7490 /* LibraryService.h */ = {isa = PBXFileReference; fileEncoding = 4; lastKnownFileType = sourcecode.c.h; path = LibraryService.h; sourceTree = "<group>"; };
		E1EFC4261476D6AC00CB7490 /* ServiceFactory.h */ = {isa = PBXFileReference; fileEncoding = 4; lastKnownFileType = sourcecode.c.h; path = ServiceFactory.h; sourceTree = "<group>"; };
		E1EFC4271476D6AC00CB7490 /* ServiceFactory.m */ = {isa = PBXFileReference; fileEncoding = 4; lastKnownFileType = sourcecode.c.objc; path = ServiceFactory.m; sourceTree = "<group>"; };
		E1EFC4291476D6FE00CB7490 /* LibraryServiceImpl.h */ = {isa = PBXFileReference; fileEncoding = 4; lastKnownFileType = sourcecode.c.h; path = LibraryServiceImpl.h; sourceTree = "<group>"; };
		E1EFC42A1476D6FE00CB7490 /* LibraryServiceImpl.m */ = {isa = PBXFileReference; fileEncoding = 4; lastKnownFileType = sourcecode.c.objc; path = LibraryServiceImpl.m; sourceTree = "<group>"; };
		E1EFC42F1476DEB700CB7490 /* Localizable.strings */ = {isa = PBXFileReference; fileEncoding = 4; lastKnownFileType = text.plist.strings; path = Localizable.strings; sourceTree = "<group>"; };
		E1EFC4381476EA6F00CB7490 /* BackendService.h */ = {isa = PBXFileReference; fileEncoding = 4; lastKnownFileType = sourcecode.c.h; path = BackendService.h; sourceTree = "<group>"; };
		E1EFC43A1476EACF00CB7490 /* MockupBackendServiceImpl.h */ = {isa = PBXFileReference; fileEncoding = 4; lastKnownFileType = sourcecode.c.h; path = MockupBackendServiceImpl.h; sourceTree = "<group>"; };
		E1EFC43B1476EACF00CB7490 /* MockupBackendServiceImpl.m */ = {isa = PBXFileReference; fileEncoding = 4; lastKnownFileType = sourcecode.c.objc; path = MockupBackendServiceImpl.m; sourceTree = "<group>"; };
		E1EFC43D1476EB3000CB7490 /* MockupLibraryBackendService.h */ = {isa = PBXFileReference; fileEncoding = 4; lastKnownFileType = sourcecode.c.h; path = MockupLibraryBackendService.h; sourceTree = "<group>"; };
		E1EFC43E1476EB3000CB7490 /* MockupLibraryBackendService.m */ = {isa = PBXFileReference; fileEncoding = 4; lastKnownFileType = sourcecode.c.objc; path = MockupLibraryBackendService.m; sourceTree = "<group>"; };
		E1EFC4411476EB9A00CB7490 /* libraries.xml */ = {isa = PBXFileReference; fileEncoding = 4; lastKnownFileType = text.xml; path = libraries.xml; sourceTree = "<group>"; };
		E1EFC44714770C5800CB7490 /* MutableLibraryChoice.h */ = {isa = PBXFileReference; fileEncoding = 4; lastKnownFileType = sourcecode.c.h; path = MutableLibraryChoice.h; sourceTree = "<group>"; };
		E1EFC44814770C5900CB7490 /* MutableLibraryChoice.m */ = {isa = PBXFileReference; fileEncoding = 4; lastKnownFileType = sourcecode.c.objc; path = MutableLibraryChoice.m; sourceTree = "<group>"; };
		E1EFC45314772B5100CB7490 /* ezdl_icon.png */ = {isa = PBXFileReference; lastKnownFileType = image.png; name = ezdl_icon.png; path = ../ezdl_icon.png; sourceTree = "<group>"; };
		E1EFC455147731FD00CB7490 /* UIViewController+ViewControllerExtension.h */ = {isa = PBXFileReference; fileEncoding = 4; lastKnownFileType = sourcecode.c.h; path = "UIViewController+ViewControllerExtension.h"; sourceTree = "<group>"; };
		E1EFC456147731FD00CB7490 /* UIViewController+ViewControllerExtension.m */ = {isa = PBXFileReference; fileEncoding = 4; lastKnownFileType = sourcecode.c.objc; path = "UIViewController+ViewControllerExtension.m"; sourceTree = "<group>"; };
		E1F3A22414A9E66800932DA9 /* BasicQueryParser.h */ = {isa = PBXFileReference; fileEncoding = 4; lastKnownFileType = sourcecode.c.h; path = BasicQueryParser.h; sourceTree = "<group>"; };
		E1F3A22514A9E66800932DA9 /* BasicQueryParser.m */ = {isa = PBXFileReference; fileEncoding = 4; lastKnownFileType = sourcecode.c.objc; path = BasicQueryParser.m; sourceTree = "<group>"; };
		E1F3A22A14AA20E100932DA9 /* Query.h */ = {isa = PBXFileReference; fileEncoding = 4; lastKnownFileType = sourcecode.c.h; path = Query.h; sourceTree = "<group>"; };
		E1F3A22B14AA20E200932DA9 /* Query.m */ = {isa = PBXFileReference; fileEncoding = 4; lastKnownFileType = sourcecode.c.objc; path = Query.m; sourceTree = "<group>"; };
		E1F3A22D14AA3E1500932DA9 /* QuerySyntaxChecker.h */ = {isa = PBXFileReference; fileEncoding = 4; lastKnownFileType = sourcecode.c.h; path = QuerySyntaxChecker.h; sourceTree = "<group>"; };
		E1F3A22E14AA3E1500932DA9 /* QuerySyntaxChecker.m */ = {isa = PBXFileReference; fileEncoding = 4; lastKnownFileType = sourcecode.c.objc; path = QuerySyntaxChecker.m; sourceTree = "<group>"; };
		E1F4E251148BA0440003140E /* Author.h */ = {isa = PBXFileReference; fileEncoding = 4; lastKnownFileType = sourcecode.c.h; path = Author.h; sourceTree = "<group>"; };
		E1F4E252148BA0440003140E /* Author.m */ = {isa = PBXFileReference; fileEncoding = 4; lastKnownFileType = sourcecode.c.objc; path = Author.m; sourceTree = "<group>"; };
		E1F4E258148BA19B0003140E /* PersonalLibraryService.h */ = {isa = PBXFileReference; fileEncoding = 4; lastKnownFileType = sourcecode.c.h; path = PersonalLibraryService.h; sourceTree = "<group>"; };
		E1F4E259148BA2AB0003140E /* MockupPersonalLibraryServiceImpl.h */ = {isa = PBXFileReference; fileEncoding = 4; lastKnownFileType = sourcecode.c.h; path = MockupPersonalLibraryServiceImpl.h; sourceTree = "<group>"; };
		E1F4E25A148BA2AB0003140E /* MockupPersonalLibraryServiceImpl.m */ = {isa = PBXFileReference; fileEncoding = 4; lastKnownFileType = sourcecode.c.objc; path = MockupPersonalLibraryServiceImpl.m; sourceTree = "<group>"; };
		E1F4E25C148BCCDC0003140E /* PersonalLibraryReference.h */ = {isa = PBXFileReference; fileEncoding = 4; lastKnownFileType = sourcecode.c.h; path = PersonalLibraryReference.h; sourceTree = "<group>"; };
		E1F4E25D148BCCDD0003140E /* PersonalLibraryReference.m */ = {isa = PBXFileReference; fileEncoding = 4; lastKnownFileType = sourcecode.c.objc; path = PersonalLibraryReference.m; sourceTree = "<group>"; };
		E1F4E265148BCD8D0003140E /* PersonalLibraryGroup.h */ = {isa = PBXFileReference; fileEncoding = 4; lastKnownFileType = sourcecode.c.h; path = PersonalLibraryGroup.h; sourceTree = "<group>"; };
		E1F4E266148BCD8D0003140E /* PersonalLibraryGroup.m */ = {isa = PBXFileReference; fileEncoding = 4; lastKnownFileType = sourcecode.c.objc; path = PersonalLibraryGroup.m; sourceTree = "<group>"; };
/* End PBXFileReference section */

/* Begin PBXFrameworksBuildPhase section */
		E1EFC3B2147690B600CB7490 /* Frameworks */ = {
			isa = PBXFrameworksBuildPhase;
			buildActionMask = 2147483647;
			files = (
				E1EFC3BA147690B600CB7490 /* UIKit.framework in Frameworks */,
				E1EFC3BC147690B600CB7490 /* Foundation.framework in Frameworks */,
				E1EFC3BE147690B600CB7490 /* CoreGraphics.framework in Frameworks */,
				E1EFC3C0147690B600CB7490 /* CoreData.framework in Frameworks */,
				E10CB57B14B4B6F80041548E /* CFNetwork.framework in Frameworks */,
				E10CB57D14B4B7020041548E /* MobileCoreServices.framework in Frameworks */,
				E10CB57F14B4B7160041548E /* Security.framework in Frameworks */,
				E10CB58114B4B7200041548E /* SystemConfiguration.framework in Frameworks */,
				E10CB58314B4B72C0041548E /* libxml2.dylib in Frameworks */,
				E10CB57914B4B6E60041548E /* libRestKit.a in Frameworks */,
			);
			runOnlyForDeploymentPostprocessing = 0;
		};
/* End PBXFrameworksBuildPhase section */

/* Begin PBXGroup section */
		E10136D214A75D750089CC37 /* Query */ = {
			isa = PBXGroup;
			children = (
				E10C27C714A602F70093FC60 /* QueryPart.h */,
				E10C27CC14A604140093FC60 /* QueryExpression.h */,
				E10C27CD14A606190093FC60 /* AtomicQueryExpression.h */,
				E10C27CE14A606190093FC60 /* AtomicQueryExpression.m */,
				E10C27D014A6078E0093FC60 /* NestedQueryExpression.h */,
				E10C27D114A6078E0093FC60 /* NestedQueryExpression.m */,
				E10136CF14A74C1F0089CC37 /* QueryConnector.h */,
				E10136D014A74C1F0089CC37 /* QueryConnector.m */,
				E10C27C914A6032F0093FC60 /* QueryParameter.h */,
				E10C27CA14A6032F0093FC60 /* QueryParameter.m */,
				E1F3A22A14AA20E100932DA9 /* Query.h */,
				E1F3A22B14AA20E200932DA9 /* Query.m */,
			);
			name = Query;
			sourceTree = "<group>";
		};
		E10136D314A75DFF0089CC37 /* Query Result */ = {
			isa = PBXGroup;
			children = (
				E1EF23161477D5ED000EE7C9 /* QueryResult.h */,
				E1EF23171477D5ED000EE7C9 /* QueryResult.m */,
				E1EF232E1477F55C000EE7C9 /* QueryResultItem.h */,
				E1EF232F1477F55D000EE7C9 /* QueryResultItem.m */,
			);
			name = "Query Result";
			sourceTree = "<group>";
		};
		E10C27C514A602D70093FC60 /* Query Parsing */ = {
			isa = PBXGroup;
			children = (
				E1083C7714A864EA003C5D97 /* QueryScanner.h */,
				E1083C7814A864EA003C5D97 /* QueryScanner.m */,
				E1F3A22D14AA3E1500932DA9 /* QuerySyntaxChecker.h */,
				E1F3A22E14AA3E1500932DA9 /* QuerySyntaxChecker.m */,
				E1083C7B14A874A5003C5D97 /* QueryParser.h */,
				E1083C7C14A874A5003C5D97 /* QueryParser.m */,
				E1083C7E14A87621003C5D97 /* AdvancedQueryParser.h */,
				E1083C7F14A87621003C5D97 /* AdvancedQueryParser.m */,
				E1F3A22414A9E66800932DA9 /* BasicQueryParser.h */,
				E1F3A22514A9E66800932DA9 /* BasicQueryParser.m */,
			);
			name = "Query Parsing";
			sourceTree = "<group>";
		};
		E10CB56514B4B6050041548E /* Products */ = {
			isa = PBXGroup;
			children = (
				E10CB56F14B4B6060041548E /* libRestKit.a */,
				E10CB57114B4B6060041548E /* RestKitTests.octest */,
				E10CB57314B4B6060041548E /* RestKit.framework */,
				E10CB57514B4B6060041548E /* RestKitFrameworkTests.octest */,
			);
			name = Products;
			sourceTree = "<group>";
		};
		E10CB58414B4C39F0041548E /* Foundation */ = {
			isa = PBXGroup;
			children = (
				E1083C8414A8C407003C5D97 /* NSArray+NSArrayExtension.h */,
				E1083C8514A8C407003C5D97 /* NSArray+NSArrayExtension.m */,
				E10FC945147C4E6B000F41A8 /* NSString+NSStringExtension.h */,
				E10FC946147C4E71000F41A8 /* NSString+NSStringExtension.m */,
				E1083C8114A87FC1003C5D97 /* Stack.h */,
				E1083C8214A87FC1003C5D97 /* Stack.m */,
			);
			name = Foundation;
			sourceTree = "<group>";
		};
		E10FC91D147C3F45000F41A8 /* Document Service */ = {
			isa = PBXGroup;
			children = (
				E10FC91E147C3FBF000F41A8 /* DocumentService.h */,
				E10FC91F147C4016000F41A8 /* DocumentServiceImpl.h */,
				E10FC920147C4016000F41A8 /* DocumentServiceImpl.m */,
			);
			name = "Document Service";
			sourceTree = "<group>";
		};
		E113C3051483FC220016D3EF /* Document Link */ = {
			isa = PBXGroup;
			children = (
				E113C3071483FC610016D3EF /* DocumentLinkViewController.h */,
				E113C3081483FC610016D3EF /* DocumentLinkViewController.m */,
			);
			name = "Document Link";
			sourceTree = "<group>";
		};
		E15D5ED814893C4000C78F1D /* Personal Library */ = {
			isa = PBXGroup;
			children = (
				E15D5EDA14893C7E00C78F1D /* PersonalLibraryViewController.h */,
				E15D5EDB14893C7E00C78F1D /* PersonalLibraryViewController.m */,
				E1404D13148EB2B000E4A1EE /* PersonalLibraryGroupsViewController.h */,
				E1404D14148EB2B200E4A1EE /* PersonalLibraryGroupsViewController.m */,
				E15D5EE31489660900C78F1D /* PersonalLibraryReferenceAddViewController.h */,
				E15D5EE41489660900C78F1D /* PersonalLibraryReferenceAddViewController.m */,
				E1351810148A5AD200B13A68 /* PersonalLibraryGroupAddViewController.h */,
				E1351811148A5AD200B13A68 /* PersonalLibraryGroupAddViewController.m */,
			);
			name = "Personal Library";
			sourceTree = "<group>";
		};
		E15D5EDF14895E4200C78F1D /* Query Result Options */ = {
			isa = PBXGroup;
			children = (
				E15D5EE014895E6E00C78F1D /* QueryResultOptionsViewController.h */,
				E15D5EE114895E6E00C78F1D /* QueryResultOptionsViewController.m */,
			);
			name = "Query Result Options";
			sourceTree = "<group>";
		};
		E15D5EEB1489819F00C78F1D /* Images */ = {
			isa = PBXGroup;
			children = (
				E1EFC45314772B5100CB7490 /* ezdl_icon.png */,
			);
			name = Images;
			sourceTree = "<group>";
		};
		E183BD5D1481359600C65FAA /* Document Detail */ = {
			isa = PBXGroup;
			children = (
				E183BD5F148135C200C65FAA /* DocumentDetailViewController.h */,
				E183BD60148135C200C65FAA /* DocumentDetailViewController.m */,
				E113C3051483FC220016D3EF /* Document Link */,
			);
			name = "Document Detail";
			sourceTree = "<group>";
		};
		E1E30DE01478DBFC005DEC6B /* Query Execution */ = {
			isa = PBXGroup;
			children = (
				E1E30DE21478DC2D005DEC6B /* QueryExecutionViewController.h */,
				E1E30DE31478DC2D005DEC6B /* QueryExecutionViewController.m */,
			);
			name = "Query Execution";
			sourceTree = "<group>";
		};
		E1E5FDD3147AB1A500C4785A /* Query Result Sorting */ = {
			isa = PBXGroup;
			children = (
				E1E5FDDB147ABE5100C4785A /* QueryResultSortingViewController.h */,
				E1E5FDDC147ABE5100C4785A /* QueryResultSortingViewController.m */,
				E1E5FDD4147AB1CE00C4785A /* QueryResultSorting.h */,
				E1E5FDD5147AB1CE00C4785A /* QueryResultSorting.m */,
			);
			name = "Query Result Sorting";
			sourceTree = "<group>";
		};
		E1E5FDD7147ABB4800C4785A /* Query Result Grouping */ = {
			isa = PBXGroup;
			children = (
				E1E5FDDE147ACFCC00C4785A /* QueryResultGroupingViewController.h */,
				E1E5FDDF147ACFCC00C4785A /* QueryResultGroupingViewController.m */,
				E1E5FDD8147ABB6100C4785A /* QueryResultGrouping.h */,
				E1E5FDD9147ABB6100C4785A /* QueryResultGrouping.m */,
			);
			name = "Query Result Grouping";
			sourceTree = "<group>";
		};
		E1EF23151477D5B2000EE7C9 /* Query Service */ = {
			isa = PBXGroup;
			children = (
				E1EF23241477DCE3000EE7C9 /* QueryService.h */,
				E1EF23251477DDA2000EE7C9 /* QueryServiceImpl.h */,
				E1EF23261477DDA2000EE7C9 /* QueryServiceImpl.m */,
				E10136D214A75D750089CC37 /* Query */,
				E10C27C514A602D70093FC60 /* Query Parsing */,
				E10136D314A75DFF0089CC37 /* Query Result */,
			);
			name = "Query Service";
			sourceTree = "<group>";
		};
		E1EF23191477D60F000EE7C9 /* Query Result */ = {
			isa = PBXGroup;
			children = (
				E1E30DE51479147F005DEC6B /* QueryResultViewController.h */,
				E1E30DE61479147F005DEC6B /* QueryResultViewController.m */,
				E1E5FDE7147AE51900C4785A /* QueryResultContent.h */,
				E1E5FDE8147AE51A00C4785A /* QueryResultContent.m */,
				E1E5FDE4147AD88400C4785A /* QueryResultRow.h */,
				E1E5FDE5147AD88400C4785A /* QueryResultRow.m */,
				E1E5FDD2147AB0B700C4785A /* QueryResultOption.h */,
				E1E5FDD3147AB1A500C4785A /* Query Result Sorting */,
				E1E5FDD7147ABB4800C4785A /* Query Result Grouping */,
				E15D5EDF14895E4200C78F1D /* Query Result Options */,
			);
			name = "Query Result";
			sourceTree = "<group>";
		};
		E1EFC3AA147690B600CB7490 = {
			isa = PBXGroup;
			children = (
				E10CB56414B4B6050041548E /* RestKit.xcodeproj */,
				E1EFC3C1147690B600CB7490 /* ezDL */,
				E1EFC3B8147690B600CB7490 /* Frameworks */,
				E1EFC3B6147690B600CB7490 /* Products */,
			);
			sourceTree = "<group>";
		};
		E1EFC3B6147690B600CB7490 /* Products */ = {
			isa = PBXGroup;
			children = (
				E1EFC3B5147690B600CB7490 /* ezDL.app */,
			);
			name = Products;
			sourceTree = "<group>";
		};
		E1EFC3B8147690B600CB7490 /* Frameworks */ = {
			isa = PBXGroup;
			children = (
				E1EFC3BB147690B600CB7490 /* Foundation.framework */,
				E1EFC3B9147690B600CB7490 /* UIKit.framework */,
				E1EFC3BD147690B600CB7490 /* CoreGraphics.framework */,
				E1EFC3BF147690B600CB7490 /* CoreData.framework */,
				E10CB57A14B4B6F80041548E /* CFNetwork.framework */,
				E10CB57C14B4B7010041548E /* MobileCoreServices.framework */,
				E10CB57E14B4B7160041548E /* Security.framework */,
				E10CB58014B4B7200041548E /* SystemConfiguration.framework */,
				E10CB58214B4B72C0041548E /* libxml2.dylib */,
			);
			name = Frameworks;
			sourceTree = "<group>";
		};
		E1EFC3C1147690B600CB7490 /* ezDL */ = {
			isa = PBXGroup;
			children = (
				E10CB58414B4C39F0041548E /* Foundation */,
				E1EFC4391476EAB000CB7490 /* Mockup */,
				E1EFC3EE1476914F00CB7490 /* Model */,
				E1EFC3F31476964E00CB7490 /* View */,
				E1EFC3EF1476915800CB7490 /* Controller */,
				E1EFC3C2147690B600CB7490 /* Supporting Files */,
			);
			path = ezDL;
			sourceTree = "<group>";
		};
		E1EFC3C2147690B600CB7490 /* Supporting Files */ = {
			isa = PBXGroup;
			children = (
				E15D5EEB1489819F00C78F1D /* Images */,
				E1EFC3C3147690B600CB7490 /* ezDL-Info.plist */,
				E1EFC3C4147690B600CB7490 /* InfoPlist.strings */,
				E1EFC3C7147690B600CB7490 /* main.m */,
				E1EFC3C9147690B600CB7490 /* ezDL-Prefix.pch */,
				E1EFC42F1476DEB700CB7490 /* Localizable.strings */,
			);
			name = "Supporting Files";
			sourceTree = "<group>";
		};
		E1EFC3EE1476914F00CB7490 /* Model */ = {
			isa = PBXGroup;
			children = (
				E1EFC41D1476CC2400CB7490 /* Core Data */,
				E1EFC41E1476CC4A00CB7490 /* Services */,
			);
			name = Model;
			sourceTree = "<group>";
		};
		E1EFC3EF1476915800CB7490 /* Controller */ = {
			isa = PBXGroup;
			children = (
				E1EFC3CA147690B600CB7490 /* AppDelegate.h */,
				E1EFC3CB147690B600CB7490 /* AppDelegate.m */,
				E1EFC455147731FD00CB7490 /* UIViewController+ViewControllerExtension.h */,
				E1EFC456147731FD00CB7490 /* UIViewController+ViewControllerExtension.m */,
				E1EFC3F61476968200CB7490 /* Query */,
				E1EF23191477D60F000EE7C9 /* Query Result */,
				E183BD5D1481359600C65FAA /* Document Detail */,
				E15D5ED814893C4000C78F1D /* Personal Library */,
			);
			name = Controller;
			sourceTree = "<group>";
		};
		E1EFC3F31476964E00CB7490 /* View */ = {
			isa = PBXGroup;
			children = (
				E1EFC3F41476966600CB7490 /* MainStoryboard.storyboard */,
				E1EF23101477A2DD000EE7C9 /* AdvancedQueryTextFieldAccessoryView.xib */,
				E1EF23131477B10C000EE7C9 /* BasicQueryTextViewAccessoryView.xib */,
				E10FC911147C16E7000F41A8 /* QueryResultCell.xib */,
			);
			name = View;
			sourceTree = "<group>";
		};
		E1EFC3F61476968200CB7490 /* Query */ = {
			isa = PBXGroup;
			children = (
				E1EFC3F7147696BB00CB7490 /* QueryController.h */,
				E1EFC3F8147696BB00CB7490 /* QueryController.m */,
				E1EFC40214769AD600CB7490 /* QueryViewController.h */,
				E1EFC40314769AD600CB7490 /* QueryViewController.m */,
				E1EFC40514769B0C00CB7490 /* AdvancedQueryViewController.h */,
				E1EFC40614769B0C00CB7490 /* AdvancedQueryViewController.m */,
				E1EFC40714769B0C00CB7490 /* AdvancedQueryViewController.xib */,
				E1EFC40A14769B5100CB7490 /* BasicQueryViewController.h */,
				E1EFC40B14769B5200CB7490 /* BasicQueryViewController.m */,
				E1EFC40C14769B5200CB7490 /* BasicQueryViewController.xib */,
				E1EFC4181476C27B00CB7490 /* Library Choice */,
				E1E30DE01478DBFC005DEC6B /* Query Execution */,
			);
			name = Query;
			sourceTree = "<group>";
		};
		E1EFC4181476C27B00CB7490 /* Library Choice */ = {
			isa = PBXGroup;
			children = (
				E1EFC4191476C2EE00CB7490 /* LibraryChoiceViewController.h */,
				E1EFC41A1476C2EE00CB7490 /* LibraryChoiceViewController.m */,
			);
			name = "Library Choice";
			sourceTree = "<group>";
		};
		E1EFC41D1476CC2400CB7490 /* Core Data */ = {
			isa = PBXGroup;
			children = (
				E1EFC44A14771FEA00CB7490 /* Entities */,
				E1EFC3F01476917D00CB7490 /* CoreDataStack.h */,
				E1EFC3F11476917D00CB7490 /* CoreDataStack.m */,
				E1EFC3CD147690B600CB7490 /* ezDL.xcdatamodeld */,
			);
			name = "Core Data";
			sourceTree = "<group>";
		};
		E1EFC41E1476CC4A00CB7490 /* Services */ = {
			isa = PBXGroup;
			children = (
				E1EF23151477D5B2000EE7C9 /* Query Service */,
				E1EFC4351476EA3700CB7490 /* Library Service */,
				E10FC91D147C3F45000F41A8 /* Document Service */,
				E1F4E254148BA1540003140E /* Personal Library Service */,
				E1EFC4371476EA4A00CB7490 /* Backend Service */,
				E1EFC4261476D6AC00CB7490 /* ServiceFactory.h */,
				E1EFC4271476D6AC00CB7490 /* ServiceFactory.m */,
			);
			name = Services;
			sourceTree = "<group>";
		};
		E1EFC4351476EA3700CB7490 /* Library Service */ = {
			isa = PBXGroup;
			children = (
				E1EFC4251476D62400CB7490 /* LibraryService.h */,
				E1EFC4291476D6FE00CB7490 /* LibraryServiceImpl.h */,
				E1EFC42A1476D6FE00CB7490 /* LibraryServiceImpl.m */,
				E1EFC4221476CD4400CB7490 /* LibraryChoice.h */,
				E1EFC4231476CD4400CB7490 /* LibraryChoice.m */,
				E1EFC44714770C5800CB7490 /* MutableLibraryChoice.h */,
				E1EFC44814770C5900CB7490 /* MutableLibraryChoice.m */,
			);
			name = "Library Service";
			sourceTree = "<group>";
		};
		E1EFC4371476EA4A00CB7490 /* Backend Service */ = {
			isa = PBXGroup;
			children = (
				E1EFC4381476EA6F00CB7490 /* BackendService.h */,
			);
			name = "Backend Service";
			sourceTree = "<group>";
		};
		E1EFC4391476EAB000CB7490 /* Mockup */ = {
			isa = PBXGroup;
			children = (
				E1EFC43A1476EACF00CB7490 /* MockupBackendServiceImpl.h */,
				E1EFC43B1476EACF00CB7490 /* MockupBackendServiceImpl.m */,
				E1EF23331477FE44000EE7C9 /* MockupQueryBackendService.h */,
				E1EF23341477FE45000EE7C9 /* MockupQueryBackendService.m */,
				E10CB53614B4ACCE0041548E /* MockupWebQueryBackendService.h */,
				E10CB53714B4ACCE0041548E /* MockupWebQueryBackendService.m */,
				E1EFC43D1476EB3000CB7490 /* MockupLibraryBackendService.h */,
				E1EFC43E1476EB3000CB7490 /* MockupLibraryBackendService.m */,
				E10FC922147C412F000F41A8 /* MockupDocumentBackendService.h */,
				E10FC923147C412F000F41A8 /* MockupDocumentBackendService.m */,
				E1F4E259148BA2AB0003140E /* MockupPersonalLibraryServiceImpl.h */,
				E1F4E25A148BA2AB0003140E /* MockupPersonalLibraryServiceImpl.m */,
				E1EFC4401476EB7C00CB7490 /* Mockup Files */,
			);
			name = Mockup;
			sourceTree = "<group>";
		};
		E1EFC4401476EB7C00CB7490 /* Mockup Files */ = {
			isa = PBXGroup;
			children = (
				E1EFC4411476EB9A00CB7490 /* libraries.xml */,
				E1C45C28147D621D002DB8EC /* query_result.xml */,
				E1C45C2B147D6236002DB8EC /* doc_0815.xml */,
				E1C45C2C147D6236002DB8EC /* doc_1899.xml */,
				E1C45C2D147D6236002DB8EC /* doc_1900.xml */,
				E1C45C2E147D6236002DB8EC /* doc_1901.xml */,
				E1C45C2F147D6236002DB8EC /* doc_1902.xml */,
				E1C45C30147D6236002DB8EC /* doc_1903.xml */,
				E1C45C31147D6236002DB8EC /* doc_1904.xml */,
				E1C45C32147D6236002DB8EC /* doc_1905.xml */,
				E1C45C33147D6236002DB8EC /* doc_1906.xml */,
				E1C45C34147D6236002DB8EC /* doc_1907.xml */,
				E1C45C35147D6236002DB8EC /* doc_1908.xml */,
				E1C45C36147D6236002DB8EC /* doc_1909.xml */,
				E1C45C37147D6236002DB8EC /* doc_4711.xml */,
				E1C45C38147D6236002DB8EC /* doc_4712.xml */,
				E1C45C39147D6236002DB8EC /* doc_4811.xml */,
				E1C45C3A147D6236002DB8EC /* doc_9851.xml */,
			);
			name = "Mockup Files";
			sourceTree = "<group>";
		};
		E1EFC44A14771FEA00CB7490 /* Entities */ = {
			isa = PBXGroup;
			children = (
				E1F4E251148BA0440003140E /* Author.h */,
				E1F4E252148BA0440003140E /* Author.m */,
				E156BE76148D41A20062230F /* DLObject.h */,
				E156BE77148D41A30062230F /* DLObject.m */,
				E156BE6A148D419E0062230F /* Document.h */,
				E156BE6B148D419E0062230F /* Document.m */,
				E156BE70148D41A00062230F /* DocumentDetail.h */,
				E156BE71148D41A00062230F /* DocumentDetail.m */,
				E156BE79148D429F0062230F /* DocumentLink.h */,
				E156BE7A148D429F0062230F /* DocumentLink.m */,
				E156BE6D148D419F0062230F /* Library.h */,
				E156BE6E148D419F0062230F /* Library.m */,
				E1F4E265148BCD8D0003140E /* PersonalLibraryGroup.h */,
				E1F4E266148BCD8D0003140E /* PersonalLibraryGroup.m */,
				E1F4E25C148BCCDC0003140E /* PersonalLibraryReference.h */,
				E1F4E25D148BCCDD0003140E /* PersonalLibraryReference.m */,
				E1AF41ED148D4BEB00B20175 /* Entities.h */,
				E1AF41EA148D448700B20175 /* EntityFactory.h */,
				E1AF41EB148D448700B20175 /* EntityFactory.m */,
			);
			name = Entities;
			sourceTree = "<group>";
		};
		E1F4E254148BA1540003140E /* Personal Library Service */ = {
			isa = PBXGroup;
			children = (
				E1F4E258148BA19B0003140E /* PersonalLibraryService.h */,
			);
			name = "Personal Library Service";
			sourceTree = "<group>";
		};
/* End PBXGroup section */

/* Begin PBXNativeTarget section */
		E1EFC3B4147690B600CB7490 /* ezDL */ = {
			isa = PBXNativeTarget;
			buildConfigurationList = E1EFC3E8147690B600CB7490 /* Build configuration list for PBXNativeTarget "ezDL" */;
			buildPhases = (
				E1EFC3B1147690B600CB7490 /* Sources */,
				E1EFC3B2147690B600CB7490 /* Frameworks */,
				E1EFC3B3147690B600CB7490 /* Resources */,
			);
			buildRules = (
			);
			dependencies = (
				E10CB57814B4B6C70041548E /* PBXTargetDependency */,
			);
			name = ezDL;
			productName = ezDL;
			productReference = E1EFC3B5147690B600CB7490 /* ezDL.app */;
			productType = "com.apple.product-type.application";
		};
/* End PBXNativeTarget section */

/* Begin PBXProject section */
		E1EFC3AC147690B600CB7490 /* Project object */ = {
			isa = PBXProject;
			attributes = {
				LastUpgradeCheck = 0420;
			};
			buildConfigurationList = E1EFC3AF147690B600CB7490 /* Build configuration list for PBXProject "ezDL" */;
			compatibilityVersion = "Xcode 3.2";
			developmentRegion = English;
			hasScannedForEncodings = 0;
			knownRegions = (
				en,
			);
			mainGroup = E1EFC3AA147690B600CB7490;
			productRefGroup = E1EFC3B6147690B600CB7490 /* Products */;
			projectDirPath = "";
			projectReferences = (
				{
					ProductGroup = E10CB56514B4B6050041548E /* Products */;
					ProjectRef = E10CB56414B4B6050041548E /* RestKit.xcodeproj */;
				},
			);
			projectRoot = "";
			targets = (
				E1EFC3B4147690B600CB7490 /* ezDL */,
			);
		};
/* End PBXProject section */

/* Begin PBXReferenceProxy section */
		E10CB56F14B4B6060041548E /* libRestKit.a */ = {
			isa = PBXReferenceProxy;
			fileType = archive.ar;
			path = libRestKit.a;
			remoteRef = E10CB56E14B4B6060041548E /* PBXContainerItemProxy */;
			sourceTree = BUILT_PRODUCTS_DIR;
		};
		E10CB57114B4B6060041548E /* RestKitTests.octest */ = {
			isa = PBXReferenceProxy;
			fileType = wrapper.cfbundle;
			path = RestKitTests.octest;
			remoteRef = E10CB57014B4B6060041548E /* PBXContainerItemProxy */;
			sourceTree = BUILT_PRODUCTS_DIR;
		};
		E10CB57314B4B6060041548E /* RestKit.framework */ = {
			isa = PBXReferenceProxy;
			fileType = wrapper.framework;
			path = RestKit.framework;
			remoteRef = E10CB57214B4B6060041548E /* PBXContainerItemProxy */;
			sourceTree = BUILT_PRODUCTS_DIR;
		};
		E10CB57514B4B6060041548E /* RestKitFrameworkTests.octest */ = {
			isa = PBXReferenceProxy;
			fileType = wrapper.cfbundle;
			path = RestKitFrameworkTests.octest;
			remoteRef = E10CB57414B4B6060041548E /* PBXContainerItemProxy */;
			sourceTree = BUILT_PRODUCTS_DIR;
		};
/* End PBXReferenceProxy section */

/* Begin PBXResourcesBuildPhase section */
		E1EFC3B3147690B600CB7490 /* Resources */ = {
			isa = PBXResourcesBuildPhase;
			buildActionMask = 2147483647;
			files = (
				E1EFC3C6147690B600CB7490 /* InfoPlist.strings in Resources */,
				E1EFC3F51476966600CB7490 /* MainStoryboard.storyboard in Resources */,
				E1EFC40914769B0C00CB7490 /* AdvancedQueryViewController.xib in Resources */,
				E1EFC40E14769B5200CB7490 /* BasicQueryViewController.xib in Resources */,
				E1EFC4301476DEB700CB7490 /* Localizable.strings in Resources */,
				E1EFC4421476EB9A00CB7490 /* libraries.xml in Resources */,
				E1EFC45414772B5100CB7490 /* ezdl_icon.png in Resources */,
				E1EF23111477A2DD000EE7C9 /* AdvancedQueryTextFieldAccessoryView.xib in Resources */,
				E1EF23141477B10C000EE7C9 /* BasicQueryTextViewAccessoryView.xib in Resources */,
				E10FC912147C16E7000F41A8 /* QueryResultCell.xib in Resources */,
				E1C45C29147D621D002DB8EC /* query_result.xml in Resources */,
				E1C45C3B147D6236002DB8EC /* doc_0815.xml in Resources */,
				E1C45C3C147D6236002DB8EC /* doc_1899.xml in Resources */,
				E1C45C3D147D6236002DB8EC /* doc_1900.xml in Resources */,
				E1C45C3E147D6236002DB8EC /* doc_1901.xml in Resources */,
				E1C45C3F147D6236002DB8EC /* doc_1902.xml in Resources */,
				E1C45C40147D6236002DB8EC /* doc_1903.xml in Resources */,
				E1C45C41147D6236002DB8EC /* doc_1904.xml in Resources */,
				E1C45C42147D6236002DB8EC /* doc_1905.xml in Resources */,
				E1C45C43147D6236002DB8EC /* doc_1906.xml in Resources */,
				E1C45C44147D6236002DB8EC /* doc_1907.xml in Resources */,
				E1C45C45147D6236002DB8EC /* doc_1908.xml in Resources */,
				E1C45C46147D6236002DB8EC /* doc_1909.xml in Resources */,
				E1C45C47147D6236002DB8EC /* doc_4711.xml in Resources */,
				E1C45C48147D6236002DB8EC /* doc_4712.xml in Resources */,
				E1C45C49147D6236002DB8EC /* doc_4811.xml in Resources */,
				E1C45C4A147D6236002DB8EC /* doc_9851.xml in Resources */,
			);
			runOnlyForDeploymentPostprocessing = 0;
		};
/* End PBXResourcesBuildPhase section */

/* Begin PBXSourcesBuildPhase section */
		E1EFC3B1147690B600CB7490 /* Sources */ = {
			isa = PBXSourcesBuildPhase;
			buildActionMask = 2147483647;
			files = (
				E1EFC3C8147690B600CB7490 /* main.m in Sources */,
				E1EFC3CC147690B600CB7490 /* AppDelegate.m in Sources */,
				E1EFC3CF147690B600CB7490 /* ezDL.xcdatamodeld in Sources */,
				E1EFC3F21476917D00CB7490 /* CoreDataStack.m in Sources */,
				E1EFC3F9147696BB00CB7490 /* QueryController.m in Sources */,
				E1EFC40414769AD600CB7490 /* QueryViewController.m in Sources */,
				E1EFC40814769B0C00CB7490 /* AdvancedQueryViewController.m in Sources */,
				E1EFC40D14769B5200CB7490 /* BasicQueryViewController.m in Sources */,
				E1EFC41B1476C2EE00CB7490 /* LibraryChoiceViewController.m in Sources */,
				E1EFC4241476CD4400CB7490 /* LibraryChoice.m in Sources */,
				E1EFC4281476D6AC00CB7490 /* ServiceFactory.m in Sources */,
				E1EFC42B1476D6FE00CB7490 /* LibraryServiceImpl.m in Sources */,
				E1EFC43C1476EACF00CB7490 /* MockupBackendServiceImpl.m in Sources */,
				E1EFC43F1476EB3000CB7490 /* MockupLibraryBackendService.m in Sources */,
				E1EFC44914770C5900CB7490 /* MutableLibraryChoice.m in Sources */,
				E1EFC457147731FE00CB7490 /* UIViewController+ViewControllerExtension.m in Sources */,
				E1EF23181477D5ED000EE7C9 /* QueryResult.m in Sources */,
				E1EF23271477DDA2000EE7C9 /* QueryServiceImpl.m in Sources */,
				E1EF23301477F55D000EE7C9 /* QueryResultItem.m in Sources */,
				E1EF23351477FE45000EE7C9 /* MockupQueryBackendService.m in Sources */,
				E1E30DE41478DC2D005DEC6B /* QueryExecutionViewController.m in Sources */,
				E1E30DE71479147F005DEC6B /* QueryResultViewController.m in Sources */,
				E1E5FDD6147AB1CE00C4785A /* QueryResultSorting.m in Sources */,
				E1E5FDDA147ABB6100C4785A /* QueryResultGrouping.m in Sources */,
				E1E5FDDD147ABE5200C4785A /* QueryResultSortingViewController.m in Sources */,
				E1E5FDE0147ACFCC00C4785A /* QueryResultGroupingViewController.m in Sources */,
				E1E5FDE6147AD88500C4785A /* QueryResultRow.m in Sources */,
				E1E5FDE9147AE51A00C4785A /* QueryResultContent.m in Sources */,
				E10FC921147C4016000F41A8 /* DocumentServiceImpl.m in Sources */,
				E10FC924147C412F000F41A8 /* MockupDocumentBackendService.m in Sources */,
				E10FC947147C4E7A000F41A8 /* NSString+NSStringExtension.m in Sources */,
				E183BD61148135C200C65FAA /* DocumentDetailViewController.m in Sources */,
				E113C3091483FC610016D3EF /* DocumentLinkViewController.m in Sources */,
				E15D5EDC14893C7E00C78F1D /* PersonalLibraryViewController.m in Sources */,
				E15D5EE214895E6E00C78F1D /* QueryResultOptionsViewController.m in Sources */,
				E15D5EE51489660900C78F1D /* PersonalLibraryReferenceAddViewController.m in Sources */,
				E1351812148A5AD200B13A68 /* PersonalLibraryGroupAddViewController.m in Sources */,
				E1F4E253148BA0440003140E /* Author.m in Sources */,
				E1F4E25B148BA2AB0003140E /* MockupPersonalLibraryServiceImpl.m in Sources */,
				E1F4E25E148BCCDD0003140E /* PersonalLibraryReference.m in Sources */,
				E1F4E267148BCD8D0003140E /* PersonalLibraryGroup.m in Sources */,
				E156BE6C148D419E0062230F /* Document.m in Sources */,
				E156BE6F148D419F0062230F /* Library.m in Sources */,
				E156BE72148D41A00062230F /* DocumentDetail.m in Sources */,
				E156BE78148D41A30062230F /* DLObject.m in Sources */,
				E156BE7B148D42A00062230F /* DocumentLink.m in Sources */,
				E1AF41EC148D448700B20175 /* EntityFactory.m in Sources */,
				E1404D15148EB2B400E4A1EE /* PersonalLibraryGroupsViewController.m in Sources */,
				E10C27CB14A6032F0093FC60 /* QueryParameter.m in Sources */,
				E10C27CF14A606190093FC60 /* AtomicQueryExpression.m in Sources */,
				E10C27D214A6078E0093FC60 /* NestedQueryExpression.m in Sources */,
				E10136D114A74C1F0089CC37 /* QueryConnector.m in Sources */,
				E1083C7914A864EA003C5D97 /* QueryScanner.m in Sources */,
				E1083C7D14A874A5003C5D97 /* QueryParser.m in Sources */,
				E1083C8014A87621003C5D97 /* AdvancedQueryParser.m in Sources */,
				E1083C8314A87FC1003C5D97 /* Stack.m in Sources */,
				E1083C8614A8C408003C5D97 /* NSArray+NSArrayExtension.m in Sources */,
				E1F3A22614A9E66800932DA9 /* BasicQueryParser.m in Sources */,
				E1F3A22C14AA20E300932DA9 /* Query.m in Sources */,
				E1F3A22F14AA3E1600932DA9 /* QuerySyntaxChecker.m in Sources */,
				E10CB53814B4ACCE0041548E /* MockupWebQueryBackendService.m in Sources */,
			);
			runOnlyForDeploymentPostprocessing = 0;
		};
/* End PBXSourcesBuildPhase section */

/* Begin PBXTargetDependency section */
		E10CB57814B4B6C70041548E /* PBXTargetDependency */ = {
			isa = PBXTargetDependency;
			name = RestKit;
			targetProxy = E10CB57714B4B6C70041548E /* PBXContainerItemProxy */;
		};
/* End PBXTargetDependency section */

/* Begin PBXVariantGroup section */
		E1EFC3C4147690B600CB7490 /* InfoPlist.strings */ = {
			isa = PBXVariantGroup;
			children = (
				E1EFC3C5147690B600CB7490 /* en */,
			);
			name = InfoPlist.strings;
			sourceTree = "<group>";
		};
/* End PBXVariantGroup section */

/* Begin XCBuildConfiguration section */
		E1EFC3E6147690B600CB7490 /* Debug */ = {
			isa = XCBuildConfiguration;
			buildSettings = {
				ALWAYS_SEARCH_USER_PATHS = NO;
				ARCHS = "$(ARCHS_STANDARD_32_BIT)";
				CLANG_ENABLE_OBJC_ARC = YES;
				CODE_SIGN_IDENTITY = "iPhone Developer: Robert Witt (96VT8B7392)";
				"CODE_SIGN_IDENTITY[sdk=iphoneos*]" = "iPhone Developer";
				COPY_PHASE_STRIP = NO;
				GCC_C_LANGUAGE_STANDARD = gnu99;
				GCC_DYNAMIC_NO_PIC = NO;
				GCC_OPTIMIZATION_LEVEL = 0;
				GCC_PREPROCESSOR_DEFINITIONS = (
					"DEBUG=1",
					"$(inherited)",
				);
				GCC_SYMBOLS_PRIVATE_EXTERN = NO;
				GCC_VERSION = com.apple.compilers.llvm.clang.1_0;
				GCC_WARN_ABOUT_MISSING_PROTOTYPES = YES;
				GCC_WARN_ABOUT_RETURN_TYPE = YES;
				GCC_WARN_UNUSED_VARIABLE = YES;
				IPHONEOS_DEPLOYMENT_TARGET = 5.0;
				PROVISIONING_PROFILE = "2A68D070-4852-4BB1-A05D-D97CEA2537F5";
				SDKROOT = iphoneos;
				TARGETED_DEVICE_FAMILY = 2;
			};
			name = Debug;
		};
		E1EFC3E7147690B600CB7490 /* Release */ = {
			isa = XCBuildConfiguration;
			buildSettings = {
				ALWAYS_SEARCH_USER_PATHS = NO;
				ARCHS = "$(ARCHS_STANDARD_32_BIT)";
				CLANG_ENABLE_OBJC_ARC = YES;
				CODE_SIGN_IDENTITY = "iPhone Developer: Robert Witt (96VT8B7392)";
				"CODE_SIGN_IDENTITY[sdk=iphoneos*]" = "iPhone Developer";
				COPY_PHASE_STRIP = YES;
				GCC_C_LANGUAGE_STANDARD = gnu99;
				GCC_VERSION = com.apple.compilers.llvm.clang.1_0;
				GCC_WARN_ABOUT_MISSING_PROTOTYPES = YES;
				GCC_WARN_ABOUT_RETURN_TYPE = YES;
				GCC_WARN_UNUSED_VARIABLE = YES;
				IPHONEOS_DEPLOYMENT_TARGET = 5.0;
				OTHER_CFLAGS = "-DNS_BLOCK_ASSERTIONS=1";
				PROVISIONING_PROFILE = "2A68D070-4852-4BB1-A05D-D97CEA2537F5";
				SDKROOT = iphoneos;
				TARGETED_DEVICE_FAMILY = 2;
				VALIDATE_PRODUCT = YES;
			};
			name = Release;
		};
		E1EFC3E9147690B600CB7490 /* Debug */ = {
			isa = XCBuildConfiguration;
			buildSettings = {
				GCC_PRECOMPILE_PREFIX_HEADER = YES;
				GCC_PREFIX_HEADER = "ezDL/ezDL-Prefix.pch";
				HEADER_SEARCH_PATHS = "\"$(SOURCE_ROOT)/RestKit/Build\"";
				INFOPLIST_FILE = "ezDL/ezDL-Info.plist";
				OTHER_LDFLAGS = (
					"-ObjC",
					"-all_load",
				);
				PRODUCT_NAME = "$(TARGET_NAME)";
				"WARNING_CFLAGS[arch=*]" = "-Wno-arc-performSelector-leaks";
				WRAPPER_EXTENSION = app;
			};
			name = Debug;
		};
		E1EFC3EA147690B600CB7490 /* Release */ = {
			isa = XCBuildConfiguration;
			buildSettings = {
				GCC_PRECOMPILE_PREFIX_HEADER = YES;
				GCC_PREFIX_HEADER = "ezDL/ezDL-Prefix.pch";
				HEADER_SEARCH_PATHS = "\"$(SOURCE_ROOT)/RestKit/Build\"";
				INFOPLIST_FILE = "ezDL/ezDL-Info.plist";
				OTHER_LDFLAGS = (
					"-ObjC",
					"-all_load",
				);
				PRODUCT_NAME = "$(TARGET_NAME)";
				"WARNING_CFLAGS[arch=*]" = "-Wno-arc-performSelector-leaks";
				WRAPPER_EXTENSION = app;
			};
			name = Release;
		};
/* End XCBuildConfiguration section */

/* Begin XCConfigurationList section */
		E1EFC3AF147690B600CB7490 /* Build configuration list for PBXProject "ezDL" */ = {
			isa = XCConfigurationList;
			buildConfigurations = (
				E1EFC3E6147690B600CB7490 /* Debug */,
				E1EFC3E7147690B600CB7490 /* Release */,
			);
			defaultConfigurationIsVisible = 0;
			defaultConfigurationName = Release;
		};
		E1EFC3E8147690B600CB7490 /* Build configuration list for PBXNativeTarget "ezDL" */ = {
			isa = XCConfigurationList;
			buildConfigurations = (
				E1EFC3E9147690B600CB7490 /* Debug */,
				E1EFC3EA147690B600CB7490 /* Release */,
			);
			defaultConfigurationIsVisible = 0;
			defaultConfigurationName = Release;
		};
/* End XCConfigurationList section */

/* Begin XCVersionGroup section */
		E1EFC3CD147690B600CB7490 /* ezDL.xcdatamodeld */ = {
			isa = XCVersionGroup;
			children = (
				E1EFC3CE147690B600CB7490 /* ezDL.xcdatamodel */,
			);
			currentVersion = E1EFC3CE147690B600CB7490 /* ezDL.xcdatamodel */;
			path = ezDL.xcdatamodeld;
			sourceTree = "<group>";
			versionGroupType = wrapper.xcdatamodel;
		};
/* End XCVersionGroup section */
	};
	rootObject = E1EFC3AC147690B600CB7490 /* Project object */;
}
